// !$*UTF8*$!
{
	archiveVersion = 1;
	classes = {
	};
	objectVersion = 50;
	objects = {

/* Begin PBXBuildFile section */
		AC0D377B22632BED00EA6D38 /* PieSliceLayer.swift in Sources */ = {isa = PBXBuildFile; fileRef = AC0D377A22632BED00EA6D38 /* PieSliceLayer.swift */; };
		AC0D377D22636B4C00EA6D38 /* PieChartCardView.swift in Sources */ = {isa = PBXBuildFile; fileRef = AC0D377C22636B4C00EA6D38 /* PieChartCardView.swift */; };
		AC143B302236F1D700FEB9CD /* Label.swift in Sources */ = {isa = PBXBuildFile; fileRef = AC143B2F2236F1D700FEB9CD /* Label.swift */; };
		AC143B322236F36C00FEB9CD /* StatisticsTableViewCell.swift in Sources */ = {isa = PBXBuildFile; fileRef = AC143B312236F36C00FEB9CD /* StatisticsTableViewCell.swift */; };
		AC143B3422378A9300FEB9CD /* UITableView+Statistics.swift in Sources */ = {isa = PBXBuildFile; fileRef = AC143B3322378A9300FEB9CD /* UITableView+Statistics.swift */; };
		AC143B3A22378B7D00FEB9CD /* Placeholder.swift in Sources */ = {isa = PBXBuildFile; fileRef = AC143B3922378B7D00FEB9CD /* Placeholder.swift */; };
		AC143B3D223796BA00FEB9CD /* UIView+Extensions.swift in Sources */ = {isa = PBXBuildFile; fileRef = AC143B3C223796BA00FEB9CD /* UIView+Extensions.swift */; };
		AC143B4022379A9C00FEB9CD /* CGGeometry+Extensions.swift in Sources */ = {isa = PBXBuildFile; fileRef = AC143B3F22379A9C00FEB9CD /* CGGeometry+Extensions.swift */; };
		AC143B4222379F9400FEB9CD /* ChartViewController.swift in Sources */ = {isa = PBXBuildFile; fileRef = AC143B4122379F9400FEB9CD /* ChartViewController.swift */; };
		AC143B442237A67D00FEB9CD /* TimelineChartBrowserView.swift in Sources */ = {isa = PBXBuildFile; fileRef = AC143B432237A67D00FEB9CD /* TimelineChartBrowserView.swift */; };
		AC143B482237AC1700FEB9CD /* Column+Extensions.swift in Sources */ = {isa = PBXBuildFile; fileRef = AC143B472237AC1700FEB9CD /* Column+Extensions.swift */; };
		AC143B4A2237AD2F00FEB9CD /* Range.swift in Sources */ = {isa = PBXBuildFile; fileRef = AC143B492237AD2F00FEB9CD /* Range.swift */; };
		AC143B4C2237B43D00FEB9CD /* RangeTests.swift in Sources */ = {isa = PBXBuildFile; fileRef = AC143B4B2237B43D00FEB9CD /* RangeTests.swift */; };
		AC143B4E2237C94400FEB9CD /* LineColumnLayer.swift in Sources */ = {isa = PBXBuildFile; fileRef = AC143B4D2237C94400FEB9CD /* LineColumnLayer.swift */; };
		AC143B502237CD8000FEB9CD /* ChartMapView.swift in Sources */ = {isa = PBXBuildFile; fileRef = AC143B4F2237CD8000FEB9CD /* ChartMapView.swift */; };
		AC143B522237F09500FEB9CD /* ChartMapOverlayView.swift in Sources */ = {isa = PBXBuildFile; fileRef = AC143B512237F09500FEB9CD /* ChartMapOverlayView.swift */; };
		AC143B572237F52D00FEB9CD /* ChartMapViewportView.swift in Sources */ = {isa = PBXBuildFile; fileRef = AC143B562237F52D00FEB9CD /* ChartMapViewportView.swift */; };
		AC16EA95225C705F009471D7 /* ChartViewControllerLayout.swift in Sources */ = {isa = PBXBuildFile; fileRef = AC16EA94225C705F009471D7 /* ChartViewControllerLayout.swift */; };
		AC16EA97225C813A009471D7 /* Sizeable.swift in Sources */ = {isa = PBXBuildFile; fileRef = AC16EA96225C813A009471D7 /* Sizeable.swift */; };
		AC16EA9A225C8DD1009471D7 /* ChartViewAbstraction.swift in Sources */ = {isa = PBXBuildFile; fileRef = AC16EA99225C8DD1009471D7 /* ChartViewAbstraction.swift */; };
		AC16EA9C225C8E4E009471D7 /* Viewport.swift in Sources */ = {isa = PBXBuildFile; fileRef = AC16EA9B225C8E4E009471D7 /* Viewport.swift */; };
		AC16EAA0225C9993009471D7 /* ChartBrowserFactory.swift in Sources */ = {isa = PBXBuildFile; fileRef = AC16EA9F225C9993009471D7 /* ChartBrowserFactory.swift */; };
		AC16EAA2225CA08D009471D7 /* ComparingLineChartView.swift in Sources */ = {isa = PBXBuildFile; fileRef = AC16EAA1225CA08D009471D7 /* ComparingLineChartView.swift */; };
		AC16EAA5225CA356009471D7 /* ChartViewFactory.swift in Sources */ = {isa = PBXBuildFile; fileRef = AC16EAA4225CA356009471D7 /* ChartViewFactory.swift */; };
		AC16EAA7225CA406009471D7 /* ChartGridViewFactory.swift in Sources */ = {isa = PBXBuildFile; fileRef = AC16EAA6225CA406009471D7 /* ChartGridViewFactory.swift */; };
		AC16EAAB225CA5AB009471D7 /* ComparingChartGridView.swift in Sources */ = {isa = PBXBuildFile; fileRef = AC16EAAA225CA5AB009471D7 /* ComparingChartGridView.swift */; };
		AC16EAAD225CA90F009471D7 /* Chart+Extensions.swift in Sources */ = {isa = PBXBuildFile; fileRef = AC16EAAC225CA90F009471D7 /* Chart+Extensions.swift */; };
		AC16EAAF225CDE78009471D7 /* Button.swift in Sources */ = {isa = PBXBuildFile; fileRef = AC16EAAE225CDE78009471D7 /* Button.swift */; };
		AC16EAB5225D0DA7009471D7 /* BarColumnLayer.swift in Sources */ = {isa = PBXBuildFile; fileRef = AC16EAB4225D0DA7009471D7 /* BarColumnLayer.swift */; };
		AC16EAB7225D104C009471D7 /* ChartMapViewFactory.swift in Sources */ = {isa = PBXBuildFile; fileRef = AC16EAB6225D104C009471D7 /* ChartMapViewFactory.swift */; };
		AC16EAB9225D18F3009471D7 /* BarChartView.swift in Sources */ = {isa = PBXBuildFile; fileRef = AC16EAB8225D18F3009471D7 /* BarChartView.swift */; };
		AC16EAC1225DE85B009471D7 /* RasterizedBarChartView.swift in Sources */ = {isa = PBXBuildFile; fileRef = AC16EAC0225DE85B009471D7 /* RasterizedBarChartView.swift */; };
		AC16EAC3225DFB97009471D7 /* StackedColumn.swift in Sources */ = {isa = PBXBuildFile; fileRef = AC16EAC2225DFB97009471D7 /* StackedColumn.swift */; };
		AC16EAC5225DFD23009471D7 /* BarChartRenderer.swift in Sources */ = {isa = PBXBuildFile; fileRef = AC16EAC4225DFD23009471D7 /* BarChartRenderer.swift */; };
		AC16EAC8225E0772009471D7 /* BarColumnRenderer.swift in Sources */ = {isa = PBXBuildFile; fileRef = AC16EAC7225E0772009471D7 /* BarColumnRenderer.swift */; };
		AC16EACA225E3B1A009471D7 /* BarChartOverlayView.swift in Sources */ = {isa = PBXBuildFile; fileRef = AC16EAC9225E3B1A009471D7 /* BarChartOverlayView.swift */; };
		AC16EACC225E80D3009471D7 /* DispatchQueue+Extensions.swift in Sources */ = {isa = PBXBuildFile; fileRef = AC16EACB225E80D3009471D7 /* DispatchQueue+Extensions.swift */; };
		AC16EACE225E8FC2009471D7 /* RasterizedBarChartAnimatior.swift in Sources */ = {isa = PBXBuildFile; fileRef = AC16EACD225E8FC2009471D7 /* RasterizedBarChartAnimatior.swift */; };
		AC1BF73C2264B5D200F2212D /* Range+Round.swift in Sources */ = {isa = PBXBuildFile; fileRef = AC1BF73B2264B5D200F2212D /* Range+Round.swift */; };
		AC2542A42257961F00EE2021 /* Bool+Extensions.swift in Sources */ = {isa = PBXBuildFile; fileRef = AC2542A32257961F00EE2021 /* Bool+Extensions.swift */; };
		AC2542A62257DA4E00EE2021 /* CAAnimation+Extenisions.swift in Sources */ = {isa = PBXBuildFile; fileRef = AC2542A52257DA4E00EE2021 /* CAAnimation+Extenisions.swift */; };
		AC2542A82257F03400EE2021 /* String+Extensions.swift in Sources */ = {isa = PBXBuildFile; fileRef = AC2542A72257F03400EE2021 /* String+Extensions.swift */; };
		AC2542AC225812F100EE2021 /* CAShapeLayer+Extensions.swift in Sources */ = {isa = PBXBuildFile; fileRef = AC2542AB225812F100EE2021 /* CAShapeLayer+Extensions.swift */; };
		AC3099292238F02B00A04331 /* Collection+Extensions.swift in Sources */ = {isa = PBXBuildFile; fileRef = AC3099282238F02B00A04331 /* Collection+Extensions.swift */; };
		AC30992E2238F20700A04331 /* ColumnsListView.swift in Sources */ = {isa = PBXBuildFile; fileRef = AC30992D2238F20700A04331 /* ColumnsListView.swift */; };
		AC3099462239236300A04331 /* Images.xcassets in Resources */ = {isa = PBXBuildFile; fileRef = AC3099452239236300A04331 /* Images.xcassets */; };
		AC3099482239254800A04331 /* Control.swift in Sources */ = {isa = PBXBuildFile; fileRef = AC3099472239254800A04331 /* Control.swift */; };
		AC32DCA5223C2B1000873B04 /* Stride.swift in Sources */ = {isa = PBXBuildFile; fileRef = AC32DCA4223C2B1000873B04 /* Stride.swift */; };
		AC32DCA7223C2B6D00873B04 /* Column+Points.swift in Sources */ = {isa = PBXBuildFile; fileRef = AC32DCA6223C2B6D00873B04 /* Column+Points.swift */; };
		AC32DCAA223C3F9100873B04 /* Collection+Range.swift in Sources */ = {isa = PBXBuildFile; fileRef = AC32DCA9223C3F9100873B04 /* Collection+Range.swift */; };
		AC3B37F42236510C000AD635 /* AppDelegate.swift in Sources */ = {isa = PBXBuildFile; fileRef = AC3B37F32236510C000AD635 /* AppDelegate.swift */; };
		AC3B37FB2236510D000AD635 /* Assets.xcassets in Resources */ = {isa = PBXBuildFile; fileRef = AC3B37FA2236510D000AD635 /* Assets.xcassets */; };
		AC3B380C2236526D000AD635 /* LaunchScreen.storyboard in Resources */ = {isa = PBXBuildFile; fileRef = AC3B380B2236526D000AD635 /* LaunchScreen.storyboard */; };
		AC3B380F22365543000AD635 /* Chart.swift in Sources */ = {isa = PBXBuildFile; fileRef = AC3B380E22365543000AD635 /* Chart.swift */; };
		AC3B381322365725000AD635 /* UIColor+Hex.swift in Sources */ = {isa = PBXBuildFile; fileRef = AC3B381222365725000AD635 /* UIColor+Hex.swift */; };
		AC3B381622365987000AD635 /* ChartsService.swift in Sources */ = {isa = PBXBuildFile; fileRef = AC3B381522365987000AD635 /* ChartsService.swift */; };
		AC3B381E22365A71000AD635 /* UIColorHexTests.swift in Sources */ = {isa = PBXBuildFile; fileRef = AC3B381D22365A71000AD635 /* UIColorHexTests.swift */; };
		AC3B382922365B08000AD635 /* Optional+Extensions.swift in Sources */ = {isa = PBXBuildFile; fileRef = AC3B382822365B08000AD635 /* Optional+Extensions.swift */; };
		AC3B382E22365BCB000AD635 /* Operators.swift in Sources */ = {isa = PBXBuildFile; fileRef = AC3B382D22365BCB000AD635 /* Operators.swift */; };
		AC3B383022365C52000AD635 /* Environment.swift in Sources */ = {isa = PBXBuildFile; fileRef = AC3B382F22365C52000AD635 /* Environment.swift */; };
		AC3B383222365CF8000AD635 /* Utils.swift in Sources */ = {isa = PBXBuildFile; fileRef = AC3B383122365CF8000AD635 /* Utils.swift */; };
		AC3B38382236612C000AD635 /* test_chart.json in Resources */ = {isa = PBXBuildFile; fileRef = AC3B38372236612C000AD635 /* test_chart.json */; };
		AC3B384C223661E3000AD635 /* Bundle+Stub.swift in Sources */ = {isa = PBXBuildFile; fileRef = AC3B3840223661E3000AD635 /* Bundle+Stub.swift */; };
		AC3B3854223663D1000AD635 /* ChartData.swift in Sources */ = {isa = PBXBuildFile; fileRef = AC3B3853223663D1000AD635 /* ChartData.swift */; };
		AC3B3856223666C3000AD635 /* AnyDecodable.swift in Sources */ = {isa = PBXBuildFile; fileRef = AC3B3855223666C3000AD635 /* AnyDecodable.swift */; };
		AC3B385922366839000AD635 /* Chart+Parsing.swift in Sources */ = {isa = PBXBuildFile; fileRef = AC3B385822366839000AD635 /* Chart+Parsing.swift */; };
		AC3B385B223682E0000AD635 /* ChartTests.swift in Sources */ = {isa = PBXBuildFile; fileRef = AC3B385A223682E0000AD635 /* ChartTests.swift */; };
		AC45EC5F2258D7DE00A8E884 /* TimelineRowView.swift in Sources */ = {isa = PBXBuildFile; fileRef = AC45EC5E2258D7DE00A8E884 /* TimelineRowView.swift */; };
		AC45EC622259037700A8E884 /* HapticService.swift in Sources */ = {isa = PBXBuildFile; fileRef = AC45EC612259037700A8E884 /* HapticService.swift */; };
		AC45EC642259042B00A8E884 /* SoundService.swift in Sources */ = {isa = PBXBuildFile; fileRef = AC45EC632259042B00A8E884 /* SoundService.swift */; };
		AC45EC6A22591BBA00A8E884 /* ShiftAnimator.swift in Sources */ = {isa = PBXBuildFile; fileRef = AC45EC6922591BBA00A8E884 /* ShiftAnimator.swift */; };
		AC4AE89B223CB8DF002CF635 /* DisplayLink.swift in Sources */ = {isa = PBXBuildFile; fileRef = AC4AE89A223CB8DF002CF635 /* DisplayLink.swift */; };
		AC4AE89D223CCB04002CF635 /* RangeChartGridView.swift in Sources */ = {isa = PBXBuildFile; fileRef = AC4AE89C223CCB04002CF635 /* RangeChartGridView.swift */; };
		AC4BB449225F165600D72E00 /* PercentageChartGridView.swift in Sources */ = {isa = PBXBuildFile; fileRef = AC4BB448225F165600D72E00 /* PercentageChartGridView.swift */; };
		AC4BB463225F774000D72E00 /* StackedColumn+Extensions.swift in Sources */ = {isa = PBXBuildFile; fileRef = AC4BB462225F774000D72E00 /* StackedColumn+Extensions.swift */; };
		AC4BB465225F7EFD00D72E00 /* PercentageLineChartView.swift in Sources */ = {isa = PBXBuildFile; fileRef = AC4BB464225F7EFD00D72E00 /* PercentageLineChartView.swift */; };
		AC4BB467225F85AC00D72E00 /* PercentageLineChartLayer.swift in Sources */ = {isa = PBXBuildFile; fileRef = AC4BB466225F85AC00D72E00 /* PercentageLineChartLayer.swift */; };
		AC5261E22261D38500272B05 /* Chart+Range.swift in Sources */ = {isa = PBXBuildFile; fileRef = AC5261E12261D38500272B05 /* Chart+Range.swift */; };
		AC5261E42261D3D700272B05 /* Chart+Viewport.swift in Sources */ = {isa = PBXBuildFile; fileRef = AC5261E32261D3D700272B05 /* Chart+Viewport.swift */; };
		AC5261E62262132800272B05 /* ChartMapInteractor.swift in Sources */ = {isa = PBXBuildFile; fileRef = AC5261E52262132800272B05 /* ChartMapInteractor.swift */; };
		AC5261E82262602000272B05 /* CollectionExtensionsTests.swift in Sources */ = {isa = PBXBuildFile; fileRef = AC5261E72262602000272B05 /* CollectionExtensionsTests.swift */; };
		AC5261EA22626D0600272B05 /* PieChartView.swift in Sources */ = {isa = PBXBuildFile; fileRef = AC5261E922626D0600272B05 /* PieChartView.swift */; };
		AC5261EC2262700000272B05 /* PieChartBrowserView.swift in Sources */ = {isa = PBXBuildFile; fileRef = AC5261EB2262700000272B05 /* PieChartBrowserView.swift */; };
		AC5261EE2262828100272B05 /* PieChartLayer.swift in Sources */ = {isa = PBXBuildFile; fileRef = AC5261ED2262828100272B05 /* PieChartLayer.swift */; };
		AC5261F0226288DC00272B05 /* StackedColumnTests.swift in Sources */ = {isa = PBXBuildFile; fileRef = AC5261EF226288DC00272B05 /* StackedColumnTests.swift */; };
		AC59175C22637EE900C7A3EF /* PieChartExpansionAnimator.swift in Sources */ = {isa = PBXBuildFile; fileRef = AC59175B22637EE900C7A3EF /* PieChartExpansionAnimator.swift */; };
		AC59175E22637F1B00C7A3EF /* ChartExpansionAnimator.swift in Sources */ = {isa = PBXBuildFile; fileRef = AC59175D22637F1B00C7A3EF /* ChartExpansionAnimator.swift */; };
		AC59176022639F2800C7A3EF /* LayoutAnimatorFactory.swift in Sources */ = {isa = PBXBuildFile; fileRef = AC59175F22639F2800C7A3EF /* LayoutAnimatorFactory.swift */; };
		AC5BCD0C226049CC007C06E4 /* TimelineChartBrowserLayout.swift in Sources */ = {isa = PBXBuildFile; fileRef = AC5BCD0B226049CC007C06E4 /* TimelineChartBrowserLayout.swift */; };
		AC5BCD0E2260530E007C06E4 /* StackedChartCardView.swift in Sources */ = {isa = PBXBuildFile; fileRef = AC5BCD0D2260530E007C06E4 /* StackedChartCardView.swift */; };
		AC5EFB6B223A2D8A00979B60 /* TimelineView.swift in Sources */ = {isa = PBXBuildFile; fileRef = AC5EFB6A223A2D8A00979B60 /* TimelineView.swift */; };
		AC5EFB70223A946400979B60 /* Math+Extensions.swift in Sources */ = {isa = PBXBuildFile; fileRef = AC5EFB6F223A946400979B60 /* Math+Extensions.swift */; };
		AC5EFB72223B98EE00979B60 /* Date+Extensions.swift in Sources */ = {isa = PBXBuildFile; fileRef = AC5EFB71223B98EE00979B60 /* Date+Extensions.swift */; };
		AC5EFB74223BA02600979B60 /* Range+Extensions.swift in Sources */ = {isa = PBXBuildFile; fileRef = AC5EFB73223BA02600979B60 /* Range+Extensions.swift */; };
		AC675E1E225B3F8800BF9380 /* charts in Resources */ = {isa = PBXBuildFile; fileRef = AC675E1D225B3F8800BF9380 /* charts */; };
		AC675E22225B819A00BF9380 /* TimePeriodView.swift in Sources */ = {isa = PBXBuildFile; fileRef = AC675E21225B819A00BF9380 /* TimePeriodView.swift */; };
		AC71BD0C2260727C00AD85AD /* PercentsTests.swift in Sources */ = {isa = PBXBuildFile; fileRef = AC71BD0B2260727C00AD85AD /* PercentsTests.swift */; };
		AC71BD0E226072BC00AD85AD /* CGFloat+Percent.swift in Sources */ = {isa = PBXBuildFile; fileRef = AC71BD0D226072BC00AD85AD /* CGFloat+Percent.swift */; };
		AC71BD102260742A00AD85AD /* Array+Random.swift in Sources */ = {isa = PBXBuildFile; fileRef = AC71BD0F2260742A00AD85AD /* Array+Random.swift */; };
		AC71BD1222608E2800AD85AD /* CALayer+Animations.swift in Sources */ = {isa = PBXBuildFile; fileRef = AC71BD1122608E2800AD85AD /* CALayer+Animations.swift */; };
		AC71BD172260D9E700AD85AD /* ChartViewControllerFactory.swift in Sources */ = {isa = PBXBuildFile; fileRef = AC71BD162260D9E700AD85AD /* ChartViewControllerFactory.swift */; };
		AC71BD192260DCE800AD85AD /* UIViewController+Extensions.swift in Sources */ = {isa = PBXBuildFile; fileRef = AC71BD182260DCE800AD85AD /* UIViewController+Extensions.swift */; };
		AC7C1F1B2259C3BD00A095D6 /* ChartGridViewCell.swift in Sources */ = {isa = PBXBuildFile; fileRef = AC7C1F1A2259C3BD00A095D6 /* ChartGridViewCell.swift */; };
		AC7C1F1D2259F86300A095D6 /* ViewportView.swift in Sources */ = {isa = PBXBuildFile; fileRef = AC7C1F1C2259F86300A095D6 /* ViewportView.swift */; };
		AC7C1F1F2259FA9100A095D6 /* LineChartView.swift in Sources */ = {isa = PBXBuildFile; fileRef = AC7C1F1E2259FA9100A095D6 /* LineChartView.swift */; };
		AC7C1F22225A0A8A00A095D6 /* CardView.swift in Sources */ = {isa = PBXBuildFile; fileRef = AC7C1F21225A0A8A00A095D6 /* CardView.swift */; };
		AC7C1F25225A119700A095D6 /* ChartCardViewCell.swift in Sources */ = {isa = PBXBuildFile; fileRef = AC7C1F24225A119700A095D6 /* ChartCardViewCell.swift */; };
		AC7C1F27225A155100A095D6 /* UIFont+Extension.swift in Sources */ = {isa = PBXBuildFile; fileRef = AC7C1F26225A155100A095D6 /* UIFont+Extension.swift */; };
		AC7C1F2A225A846300A095D6 /* ShelfLayout.swift in Sources */ = {isa = PBXBuildFile; fileRef = AC7C1F29225A846300A095D6 /* ShelfLayout.swift */; };
		AC7C1F2C225A89F400A095D6 /* ColumnsListViewCell.swift in Sources */ = {isa = PBXBuildFile; fileRef = AC7C1F2B225A89F400A095D6 /* ColumnsListViewCell.swift */; };
		ACAF2B00223D89C300533F37 /* GridLayout.swift in Sources */ = {isa = PBXBuildFile; fileRef = ACAF2AFF223D89C300533F37 /* GridLayout.swift */; };
		ACAF2B02223E30CD00533F37 /* ChartCardView.swift in Sources */ = {isa = PBXBuildFile; fileRef = ACAF2B01223E30CD00533F37 /* ChartCardView.swift */; };
		ACAF2B06223E63A000533F37 /* CGGeometryExtensionsTests.swift in Sources */ = {isa = PBXBuildFile; fileRef = ACAF2B05223E63A000533F37 /* CGGeometryExtensionsTests.swift */; };
		ACB9B9C822397F5200B8E841 /* CALayer+Extensions.swift in Sources */ = {isa = PBXBuildFile; fileRef = ACB9B9C722397F5200B8E841 /* CALayer+Extensions.swift */; };
		ACC91734226119CA00FD5015 /* ExpandableChartViewController.swift in Sources */ = {isa = PBXBuildFile; fileRef = ACC91733226119CA00FD5015 /* ExpandableChartViewController.swift */; };
		ACC9173A226132CB00FD5015 /* Device.swift in Sources */ = {isa = PBXBuildFile; fileRef = ACC91739226132CB00FD5015 /* Device.swift */; };
		ACCAD327223AE13200A99436 /* Layer.swift in Sources */ = {isa = PBXBuildFile; fileRef = ACCAD326223AE13200A99436 /* Layer.swift */; };
		ACD5EF8822573496003B09C3 /* Image.swift in Sources */ = {isa = PBXBuildFile; fileRef = ACD5EF8722573496003B09C3 /* Image.swift */; };
		ACE6866F22369EBD00724432 /* StatisticsScene.swift in Sources */ = {isa = PBXBuildFile; fileRef = ACE6866E22369EBD00724432 /* StatisticsScene.swift */; };
		ACE6867922369EEF00724432 /* ViewController.swift in Sources */ = {isa = PBXBuildFile; fileRef = ACE6867322369EEF00724432 /* ViewController.swift */; };
		ACE6867C22369EEF00724432 /* NavigationController.swift in Sources */ = {isa = PBXBuildFile; fileRef = ACE6867622369EEF00724432 /* NavigationController.swift */; };
		ACE6867F2236A09400724432 /* Theme.swift in Sources */ = {isa = PBXBuildFile; fileRef = ACE6867E2236A09400724432 /* Theme.swift */; };
		ACE686832236A0B400724432 /* Theme+Factory.swift in Sources */ = {isa = PBXBuildFile; fileRef = ACE686822236A0B400724432 /* Theme+Factory.swift */; };
		ACE686882236AB9400724432 /* View.swift in Sources */ = {isa = PBXBuildFile; fileRef = ACE686872236AB9400724432 /* View.swift */; };
		ACE6868A2236AD1000724432 /* Themeable.swift in Sources */ = {isa = PBXBuildFile; fileRef = ACE686892236AD1000724432 /* Themeable.swift */; };
		ACE6868C2236AFB200724432 /* SettingsService.swift in Sources */ = {isa = PBXBuildFile; fileRef = ACE6868B2236AFB200724432 /* SettingsService.swift */; };
		ACE686942236B60F00724432 /* Dependencies.swift in Sources */ = {isa = PBXBuildFile; fileRef = ACE686932236B60F00724432 /* Dependencies.swift */; };
		ACE686962236BB9500724432 /* StatisticsViewController.swift in Sources */ = {isa = PBXBuildFile; fileRef = ACE686952236BB9500724432 /* StatisticsViewController.swift */; };
		ACE686992236BED100724432 /* UIView+Layout.swift in Sources */ = {isa = PBXBuildFile; fileRef = ACE686982236BED100724432 /* UIView+Layout.swift */; };
		ACE6869B2236C01300724432 /* Reusable.swift in Sources */ = {isa = PBXBuildFile; fileRef = ACE6869A2236C01300724432 /* Reusable.swift */; };
/* End PBXBuildFile section */

/* Begin PBXContainerItemProxy section */
		AC3B382022365A71000AD635 /* PBXContainerItemProxy */ = {
			isa = PBXContainerItemProxy;
			containerPortal = AC3B37E82236510C000AD635 /* Project object */;
			proxyType = 1;
			remoteGlobalIDString = AC3B37EF2236510C000AD635;
			remoteInfo = TelegramCharts;
		};
/* End PBXContainerItemProxy section */

/* Begin PBXFileReference section */
		AC0D377A22632BED00EA6D38 /* PieSliceLayer.swift */ = {isa = PBXFileReference; lastKnownFileType = sourcecode.swift; path = PieSliceLayer.swift; sourceTree = "<group>"; };
		AC0D377C22636B4C00EA6D38 /* PieChartCardView.swift */ = {isa = PBXFileReference; lastKnownFileType = sourcecode.swift; path = PieChartCardView.swift; sourceTree = "<group>"; };
		AC143B2F2236F1D700FEB9CD /* Label.swift */ = {isa = PBXFileReference; lastKnownFileType = sourcecode.swift; path = Label.swift; sourceTree = "<group>"; };
		AC143B312236F36C00FEB9CD /* StatisticsTableViewCell.swift */ = {isa = PBXFileReference; lastKnownFileType = sourcecode.swift; path = StatisticsTableViewCell.swift; sourceTree = "<group>"; };
		AC143B3322378A9300FEB9CD /* UITableView+Statistics.swift */ = {isa = PBXFileReference; lastKnownFileType = sourcecode.swift; path = "UITableView+Statistics.swift"; sourceTree = "<group>"; };
		AC143B3922378B7D00FEB9CD /* Placeholder.swift */ = {isa = PBXFileReference; lastKnownFileType = sourcecode.swift; path = Placeholder.swift; sourceTree = "<group>"; };
		AC143B3C223796BA00FEB9CD /* UIView+Extensions.swift */ = {isa = PBXFileReference; lastKnownFileType = sourcecode.swift; path = "UIView+Extensions.swift"; sourceTree = "<group>"; };
		AC143B3F22379A9C00FEB9CD /* CGGeometry+Extensions.swift */ = {isa = PBXFileReference; lastKnownFileType = sourcecode.swift; path = "CGGeometry+Extensions.swift"; sourceTree = "<group>"; };
		AC143B4122379F9400FEB9CD /* ChartViewController.swift */ = {isa = PBXFileReference; lastKnownFileType = sourcecode.swift; path = ChartViewController.swift; sourceTree = "<group>"; };
		AC143B432237A67D00FEB9CD /* TimelineChartBrowserView.swift */ = {isa = PBXFileReference; lastKnownFileType = sourcecode.swift; path = TimelineChartBrowserView.swift; sourceTree = "<group>"; };
		AC143B472237AC1700FEB9CD /* Column+Extensions.swift */ = {isa = PBXFileReference; lastKnownFileType = sourcecode.swift; path = "Column+Extensions.swift"; sourceTree = "<group>"; };
		AC143B492237AD2F00FEB9CD /* Range.swift */ = {isa = PBXFileReference; lastKnownFileType = sourcecode.swift; path = Range.swift; sourceTree = "<group>"; };
		AC143B4B2237B43D00FEB9CD /* RangeTests.swift */ = {isa = PBXFileReference; lastKnownFileType = sourcecode.swift; path = RangeTests.swift; sourceTree = "<group>"; };
		AC143B4D2237C94400FEB9CD /* LineColumnLayer.swift */ = {isa = PBXFileReference; lastKnownFileType = sourcecode.swift; path = LineColumnLayer.swift; sourceTree = "<group>"; };
		AC143B4F2237CD8000FEB9CD /* ChartMapView.swift */ = {isa = PBXFileReference; lastKnownFileType = sourcecode.swift; path = ChartMapView.swift; sourceTree = "<group>"; };
		AC143B512237F09500FEB9CD /* ChartMapOverlayView.swift */ = {isa = PBXFileReference; lastKnownFileType = sourcecode.swift; path = ChartMapOverlayView.swift; sourceTree = "<group>"; };
		AC143B562237F52D00FEB9CD /* ChartMapViewportView.swift */ = {isa = PBXFileReference; lastKnownFileType = sourcecode.swift; path = ChartMapViewportView.swift; sourceTree = "<group>"; };
		AC16EA94225C705F009471D7 /* ChartViewControllerLayout.swift */ = {isa = PBXFileReference; lastKnownFileType = sourcecode.swift; path = ChartViewControllerLayout.swift; sourceTree = "<group>"; };
		AC16EA96225C813A009471D7 /* Sizeable.swift */ = {isa = PBXFileReference; lastKnownFileType = sourcecode.swift; path = Sizeable.swift; sourceTree = "<group>"; };
		AC16EA99225C8DD1009471D7 /* ChartViewAbstraction.swift */ = {isa = PBXFileReference; lastKnownFileType = sourcecode.swift; path = ChartViewAbstraction.swift; sourceTree = "<group>"; };
		AC16EA9B225C8E4E009471D7 /* Viewport.swift */ = {isa = PBXFileReference; lastKnownFileType = sourcecode.swift; path = Viewport.swift; sourceTree = "<group>"; };
		AC16EA9F225C9993009471D7 /* ChartBrowserFactory.swift */ = {isa = PBXFileReference; lastKnownFileType = sourcecode.swift; path = ChartBrowserFactory.swift; sourceTree = "<group>"; };
		AC16EAA1225CA08D009471D7 /* ComparingLineChartView.swift */ = {isa = PBXFileReference; lastKnownFileType = sourcecode.swift; path = ComparingLineChartView.swift; sourceTree = "<group>"; };
		AC16EAA4225CA356009471D7 /* ChartViewFactory.swift */ = {isa = PBXFileReference; lastKnownFileType = sourcecode.swift; path = ChartViewFactory.swift; sourceTree = "<group>"; };
		AC16EAA6225CA406009471D7 /* ChartGridViewFactory.swift */ = {isa = PBXFileReference; lastKnownFileType = sourcecode.swift; path = ChartGridViewFactory.swift; sourceTree = "<group>"; };
		AC16EAAA225CA5AB009471D7 /* ComparingChartGridView.swift */ = {isa = PBXFileReference; lastKnownFileType = sourcecode.swift; path = ComparingChartGridView.swift; sourceTree = "<group>"; };
		AC16EAAC225CA90F009471D7 /* Chart+Extensions.swift */ = {isa = PBXFileReference; lastKnownFileType = sourcecode.swift; path = "Chart+Extensions.swift"; sourceTree = "<group>"; };
		AC16EAAE225CDE78009471D7 /* Button.swift */ = {isa = PBXFileReference; lastKnownFileType = sourcecode.swift; path = Button.swift; sourceTree = "<group>"; };
		AC16EAB4225D0DA7009471D7 /* BarColumnLayer.swift */ = {isa = PBXFileReference; lastKnownFileType = sourcecode.swift; path = BarColumnLayer.swift; sourceTree = "<group>"; };
		AC16EAB6225D104C009471D7 /* ChartMapViewFactory.swift */ = {isa = PBXFileReference; lastKnownFileType = sourcecode.swift; path = ChartMapViewFactory.swift; sourceTree = "<group>"; };
		AC16EAB8225D18F3009471D7 /* BarChartView.swift */ = {isa = PBXFileReference; lastKnownFileType = sourcecode.swift; path = BarChartView.swift; sourceTree = "<group>"; };
		AC16EAC0225DE85B009471D7 /* RasterizedBarChartView.swift */ = {isa = PBXFileReference; lastKnownFileType = sourcecode.swift; path = RasterizedBarChartView.swift; sourceTree = "<group>"; };
		AC16EAC2225DFB97009471D7 /* StackedColumn.swift */ = {isa = PBXFileReference; lastKnownFileType = sourcecode.swift; path = StackedColumn.swift; sourceTree = "<group>"; };
		AC16EAC4225DFD23009471D7 /* BarChartRenderer.swift */ = {isa = PBXFileReference; lastKnownFileType = sourcecode.swift; path = BarChartRenderer.swift; sourceTree = "<group>"; };
		AC16EAC7225E0772009471D7 /* BarColumnRenderer.swift */ = {isa = PBXFileReference; lastKnownFileType = sourcecode.swift; path = BarColumnRenderer.swift; sourceTree = "<group>"; };
		AC16EAC9225E3B1A009471D7 /* BarChartOverlayView.swift */ = {isa = PBXFileReference; lastKnownFileType = sourcecode.swift; path = BarChartOverlayView.swift; sourceTree = "<group>"; };
		AC16EACB225E80D3009471D7 /* DispatchQueue+Extensions.swift */ = {isa = PBXFileReference; lastKnownFileType = sourcecode.swift; path = "DispatchQueue+Extensions.swift"; sourceTree = "<group>"; };
		AC16EACD225E8FC2009471D7 /* RasterizedBarChartAnimatior.swift */ = {isa = PBXFileReference; lastKnownFileType = sourcecode.swift; path = RasterizedBarChartAnimatior.swift; sourceTree = "<group>"; };
		AC1BF73B2264B5D200F2212D /* Range+Round.swift */ = {isa = PBXFileReference; lastKnownFileType = sourcecode.swift; path = "Range+Round.swift"; sourceTree = "<group>"; };
		AC2542A32257961F00EE2021 /* Bool+Extensions.swift */ = {isa = PBXFileReference; lastKnownFileType = sourcecode.swift; path = "Bool+Extensions.swift"; sourceTree = "<group>"; };
		AC2542A52257DA4E00EE2021 /* CAAnimation+Extenisions.swift */ = {isa = PBXFileReference; lastKnownFileType = sourcecode.swift; path = "CAAnimation+Extenisions.swift"; sourceTree = "<group>"; };
		AC2542A72257F03400EE2021 /* String+Extensions.swift */ = {isa = PBXFileReference; lastKnownFileType = sourcecode.swift; path = "String+Extensions.swift"; sourceTree = "<group>"; };
		AC2542AB225812F100EE2021 /* CAShapeLayer+Extensions.swift */ = {isa = PBXFileReference; lastKnownFileType = sourcecode.swift; path = "CAShapeLayer+Extensions.swift"; sourceTree = "<group>"; };
		AC3099282238F02B00A04331 /* Collection+Extensions.swift */ = {isa = PBXFileReference; lastKnownFileType = sourcecode.swift; path = "Collection+Extensions.swift"; sourceTree = "<group>"; };
		AC30992D2238F20700A04331 /* ColumnsListView.swift */ = {isa = PBXFileReference; lastKnownFileType = sourcecode.swift; path = ColumnsListView.swift; sourceTree = "<group>"; };
		AC3099452239236300A04331 /* Images.xcassets */ = {isa = PBXFileReference; lastKnownFileType = folder.assetcatalog; path = Images.xcassets; sourceTree = "<group>"; };
		AC3099472239254800A04331 /* Control.swift */ = {isa = PBXFileReference; lastKnownFileType = sourcecode.swift; path = Control.swift; sourceTree = "<group>"; };
		AC32DCA4223C2B1000873B04 /* Stride.swift */ = {isa = PBXFileReference; lastKnownFileType = sourcecode.swift; path = Stride.swift; sourceTree = "<group>"; };
		AC32DCA6223C2B6D00873B04 /* Column+Points.swift */ = {isa = PBXFileReference; lastKnownFileType = sourcecode.swift; path = "Column+Points.swift"; sourceTree = "<group>"; };
		AC32DCA9223C3F9100873B04 /* Collection+Range.swift */ = {isa = PBXFileReference; lastKnownFileType = sourcecode.swift; path = "Collection+Range.swift"; sourceTree = "<group>"; };
		AC3B37F02236510C000AD635 /* TelegramCharts.app */ = {isa = PBXFileReference; explicitFileType = wrapper.application; includeInIndex = 0; path = TelegramCharts.app; sourceTree = BUILT_PRODUCTS_DIR; };
		AC3B37F32236510C000AD635 /* AppDelegate.swift */ = {isa = PBXFileReference; lastKnownFileType = sourcecode.swift; path = AppDelegate.swift; sourceTree = "<group>"; };
		AC3B37FA2236510D000AD635 /* Assets.xcassets */ = {isa = PBXFileReference; lastKnownFileType = folder.assetcatalog; path = Assets.xcassets; sourceTree = "<group>"; };
		AC3B37FF2236510D000AD635 /* Info.plist */ = {isa = PBXFileReference; lastKnownFileType = text.plist.xml; path = Info.plist; sourceTree = "<group>"; };
		AC3B380B2236526D000AD635 /* LaunchScreen.storyboard */ = {isa = PBXFileReference; lastKnownFileType = file.storyboard; path = LaunchScreen.storyboard; sourceTree = "<group>"; };
		AC3B380E22365543000AD635 /* Chart.swift */ = {isa = PBXFileReference; lastKnownFileType = sourcecode.swift; path = Chart.swift; sourceTree = "<group>"; };
		AC3B381222365725000AD635 /* UIColor+Hex.swift */ = {isa = PBXFileReference; lastKnownFileType = sourcecode.swift; path = "UIColor+Hex.swift"; sourceTree = "<group>"; };
		AC3B381522365987000AD635 /* ChartsService.swift */ = {isa = PBXFileReference; lastKnownFileType = sourcecode.swift; path = ChartsService.swift; sourceTree = "<group>"; };
		AC3B381B22365A70000AD635 /* TelegramChartsTests.xctest */ = {isa = PBXFileReference; explicitFileType = wrapper.cfbundle; includeInIndex = 0; path = TelegramChartsTests.xctest; sourceTree = BUILT_PRODUCTS_DIR; };
		AC3B381D22365A71000AD635 /* UIColorHexTests.swift */ = {isa = PBXFileReference; lastKnownFileType = sourcecode.swift; path = UIColorHexTests.swift; sourceTree = "<group>"; };
		AC3B381F22365A71000AD635 /* Info.plist */ = {isa = PBXFileReference; lastKnownFileType = text.plist.xml; path = Info.plist; sourceTree = "<group>"; };
		AC3B382822365B08000AD635 /* Optional+Extensions.swift */ = {isa = PBXFileReference; lastKnownFileType = sourcecode.swift; path = "Optional+Extensions.swift"; sourceTree = "<group>"; };
		AC3B382D22365BCB000AD635 /* Operators.swift */ = {isa = PBXFileReference; lastKnownFileType = sourcecode.swift; path = Operators.swift; sourceTree = "<group>"; };
		AC3B382F22365C52000AD635 /* Environment.swift */ = {isa = PBXFileReference; lastKnownFileType = sourcecode.swift; path = Environment.swift; sourceTree = "<group>"; };
		AC3B383122365CF8000AD635 /* Utils.swift */ = {isa = PBXFileReference; lastKnownFileType = sourcecode.swift; path = Utils.swift; sourceTree = "<group>"; };
		AC3B38372236612C000AD635 /* test_chart.json */ = {isa = PBXFileReference; lastKnownFileType = text.json; path = test_chart.json; sourceTree = "<group>"; };
		AC3B3840223661E3000AD635 /* Bundle+Stub.swift */ = {isa = PBXFileReference; fileEncoding = 4; lastKnownFileType = sourcecode.swift; path = "Bundle+Stub.swift"; sourceTree = "<group>"; };
		AC3B3853223663D1000AD635 /* ChartData.swift */ = {isa = PBXFileReference; lastKnownFileType = sourcecode.swift; path = ChartData.swift; sourceTree = "<group>"; };
		AC3B3855223666C3000AD635 /* AnyDecodable.swift */ = {isa = PBXFileReference; lastKnownFileType = sourcecode.swift; path = AnyDecodable.swift; sourceTree = "<group>"; };
		AC3B385822366839000AD635 /* Chart+Parsing.swift */ = {isa = PBXFileReference; lastKnownFileType = sourcecode.swift; path = "Chart+Parsing.swift"; sourceTree = "<group>"; };
		AC3B385A223682E0000AD635 /* ChartTests.swift */ = {isa = PBXFileReference; lastKnownFileType = sourcecode.swift; path = ChartTests.swift; sourceTree = "<group>"; };
		AC45EC5E2258D7DE00A8E884 /* TimelineRowView.swift */ = {isa = PBXFileReference; lastKnownFileType = sourcecode.swift; path = TimelineRowView.swift; sourceTree = "<group>"; };
		AC45EC612259037700A8E884 /* HapticService.swift */ = {isa = PBXFileReference; fileEncoding = 4; lastKnownFileType = sourcecode.swift; path = HapticService.swift; sourceTree = "<group>"; };
		AC45EC632259042B00A8E884 /* SoundService.swift */ = {isa = PBXFileReference; lastKnownFileType = sourcecode.swift; path = SoundService.swift; sourceTree = "<group>"; };
		AC45EC6922591BBA00A8E884 /* ShiftAnimator.swift */ = {isa = PBXFileReference; lastKnownFileType = sourcecode.swift; path = ShiftAnimator.swift; sourceTree = "<group>"; };
		AC4AE89A223CB8DF002CF635 /* DisplayLink.swift */ = {isa = PBXFileReference; fileEncoding = 4; lastKnownFileType = sourcecode.swift; path = DisplayLink.swift; sourceTree = "<group>"; };
		AC4AE89C223CCB04002CF635 /* RangeChartGridView.swift */ = {isa = PBXFileReference; lastKnownFileType = sourcecode.swift; path = RangeChartGridView.swift; sourceTree = "<group>"; };
		AC4BB448225F165600D72E00 /* PercentageChartGridView.swift */ = {isa = PBXFileReference; lastKnownFileType = sourcecode.swift; path = PercentageChartGridView.swift; sourceTree = "<group>"; };
		AC4BB462225F774000D72E00 /* StackedColumn+Extensions.swift */ = {isa = PBXFileReference; lastKnownFileType = sourcecode.swift; path = "StackedColumn+Extensions.swift"; sourceTree = "<group>"; };
		AC4BB464225F7EFD00D72E00 /* PercentageLineChartView.swift */ = {isa = PBXFileReference; lastKnownFileType = sourcecode.swift; path = PercentageLineChartView.swift; sourceTree = "<group>"; };
		AC4BB466225F85AC00D72E00 /* PercentageLineChartLayer.swift */ = {isa = PBXFileReference; lastKnownFileType = sourcecode.swift; path = PercentageLineChartLayer.swift; sourceTree = "<group>"; };
		AC5261E12261D38500272B05 /* Chart+Range.swift */ = {isa = PBXFileReference; lastKnownFileType = sourcecode.swift; path = "Chart+Range.swift"; sourceTree = "<group>"; };
		AC5261E32261D3D700272B05 /* Chart+Viewport.swift */ = {isa = PBXFileReference; lastKnownFileType = sourcecode.swift; path = "Chart+Viewport.swift"; sourceTree = "<group>"; };
		AC5261E52262132800272B05 /* ChartMapInteractor.swift */ = {isa = PBXFileReference; lastKnownFileType = sourcecode.swift; path = ChartMapInteractor.swift; sourceTree = "<group>"; };
		AC5261E72262602000272B05 /* CollectionExtensionsTests.swift */ = {isa = PBXFileReference; lastKnownFileType = sourcecode.swift; path = CollectionExtensionsTests.swift; sourceTree = "<group>"; };
		AC5261E922626D0600272B05 /* PieChartView.swift */ = {isa = PBXFileReference; lastKnownFileType = sourcecode.swift; path = PieChartView.swift; sourceTree = "<group>"; };
		AC5261EB2262700000272B05 /* PieChartBrowserView.swift */ = {isa = PBXFileReference; lastKnownFileType = sourcecode.swift; path = PieChartBrowserView.swift; sourceTree = "<group>"; };
		AC5261ED2262828100272B05 /* PieChartLayer.swift */ = {isa = PBXFileReference; lastKnownFileType = sourcecode.swift; path = PieChartLayer.swift; sourceTree = "<group>"; };
		AC5261EF226288DC00272B05 /* StackedColumnTests.swift */ = {isa = PBXFileReference; lastKnownFileType = sourcecode.swift; path = StackedColumnTests.swift; sourceTree = "<group>"; };
		AC59175B22637EE900C7A3EF /* PieChartExpansionAnimator.swift */ = {isa = PBXFileReference; lastKnownFileType = sourcecode.swift; path = PieChartExpansionAnimator.swift; sourceTree = "<group>"; };
		AC59175D22637F1B00C7A3EF /* ChartExpansionAnimator.swift */ = {isa = PBXFileReference; lastKnownFileType = sourcecode.swift; path = ChartExpansionAnimator.swift; sourceTree = "<group>"; };
		AC59175F22639F2800C7A3EF /* LayoutAnimatorFactory.swift */ = {isa = PBXFileReference; lastKnownFileType = sourcecode.swift; path = LayoutAnimatorFactory.swift; sourceTree = "<group>"; };
		AC5BCD0B226049CC007C06E4 /* TimelineChartBrowserLayout.swift */ = {isa = PBXFileReference; lastKnownFileType = sourcecode.swift; path = TimelineChartBrowserLayout.swift; sourceTree = "<group>"; };
		AC5BCD0D2260530E007C06E4 /* StackedChartCardView.swift */ = {isa = PBXFileReference; lastKnownFileType = sourcecode.swift; path = StackedChartCardView.swift; sourceTree = "<group>"; };
		AC5EFB6A223A2D8A00979B60 /* TimelineView.swift */ = {isa = PBXFileReference; lastKnownFileType = sourcecode.swift; path = TimelineView.swift; sourceTree = "<group>"; };
		AC5EFB6F223A946400979B60 /* Math+Extensions.swift */ = {isa = PBXFileReference; lastKnownFileType = sourcecode.swift; path = "Math+Extensions.swift"; sourceTree = "<group>"; };
		AC5EFB71223B98EE00979B60 /* Date+Extensions.swift */ = {isa = PBXFileReference; lastKnownFileType = sourcecode.swift; path = "Date+Extensions.swift"; sourceTree = "<group>"; };
		AC5EFB73223BA02600979B60 /* Range+Extensions.swift */ = {isa = PBXFileReference; lastKnownFileType = sourcecode.swift; path = "Range+Extensions.swift"; sourceTree = "<group>"; };
		AC675E1D225B3F8800BF9380 /* charts */ = {isa = PBXFileReference; lastKnownFileType = folder; path = charts; sourceTree = "<group>"; };
		AC675E21225B819A00BF9380 /* TimePeriodView.swift */ = {isa = PBXFileReference; lastKnownFileType = sourcecode.swift; path = TimePeriodView.swift; sourceTree = "<group>"; };
		AC71BD0B2260727C00AD85AD /* PercentsTests.swift */ = {isa = PBXFileReference; lastKnownFileType = sourcecode.swift; path = PercentsTests.swift; sourceTree = "<group>"; };
		AC71BD0D226072BC00AD85AD /* CGFloat+Percent.swift */ = {isa = PBXFileReference; lastKnownFileType = sourcecode.swift; path = "CGFloat+Percent.swift"; sourceTree = "<group>"; };
		AC71BD0F2260742A00AD85AD /* Array+Random.swift */ = {isa = PBXFileReference; lastKnownFileType = sourcecode.swift; path = "Array+Random.swift"; sourceTree = "<group>"; };
		AC71BD1122608E2800AD85AD /* CALayer+Animations.swift */ = {isa = PBXFileReference; lastKnownFileType = sourcecode.swift; path = "CALayer+Animations.swift"; sourceTree = "<group>"; };
		AC71BD162260D9E700AD85AD /* ChartViewControllerFactory.swift */ = {isa = PBXFileReference; lastKnownFileType = sourcecode.swift; path = ChartViewControllerFactory.swift; sourceTree = "<group>"; };
		AC71BD182260DCE800AD85AD /* UIViewController+Extensions.swift */ = {isa = PBXFileReference; lastKnownFileType = sourcecode.swift; path = "UIViewController+Extensions.swift"; sourceTree = "<group>"; };
		AC7C1F1A2259C3BD00A095D6 /* ChartGridViewCell.swift */ = {isa = PBXFileReference; lastKnownFileType = sourcecode.swift; path = ChartGridViewCell.swift; sourceTree = "<group>"; };
		AC7C1F1C2259F86300A095D6 /* ViewportView.swift */ = {isa = PBXFileReference; lastKnownFileType = sourcecode.swift; path = ViewportView.swift; sourceTree = "<group>"; };
		AC7C1F1E2259FA9100A095D6 /* LineChartView.swift */ = {isa = PBXFileReference; lastKnownFileType = sourcecode.swift; path = LineChartView.swift; sourceTree = "<group>"; };
		AC7C1F21225A0A8A00A095D6 /* CardView.swift */ = {isa = PBXFileReference; lastKnownFileType = sourcecode.swift; path = CardView.swift; sourceTree = "<group>"; };
		AC7C1F24225A119700A095D6 /* ChartCardViewCell.swift */ = {isa = PBXFileReference; lastKnownFileType = sourcecode.swift; path = ChartCardViewCell.swift; sourceTree = "<group>"; };
		AC7C1F26225A155100A095D6 /* UIFont+Extension.swift */ = {isa = PBXFileReference; lastKnownFileType = sourcecode.swift; path = "UIFont+Extension.swift"; sourceTree = "<group>"; };
		AC7C1F29225A846300A095D6 /* ShelfLayout.swift */ = {isa = PBXFileReference; lastKnownFileType = sourcecode.swift; path = ShelfLayout.swift; sourceTree = "<group>"; };
		AC7C1F2B225A89F400A095D6 /* ColumnsListViewCell.swift */ = {isa = PBXFileReference; lastKnownFileType = sourcecode.swift; path = ColumnsListViewCell.swift; sourceTree = "<group>"; };
		ACAF2AFF223D89C300533F37 /* GridLayout.swift */ = {isa = PBXFileReference; lastKnownFileType = sourcecode.swift; path = GridLayout.swift; sourceTree = "<group>"; };
		ACAF2B01223E30CD00533F37 /* ChartCardView.swift */ = {isa = PBXFileReference; lastKnownFileType = sourcecode.swift; path = ChartCardView.swift; sourceTree = "<group>"; };
		ACAF2B05223E63A000533F37 /* CGGeometryExtensionsTests.swift */ = {isa = PBXFileReference; lastKnownFileType = sourcecode.swift; path = CGGeometryExtensionsTests.swift; sourceTree = "<group>"; };
		ACB9B9C722397F5200B8E841 /* CALayer+Extensions.swift */ = {isa = PBXFileReference; lastKnownFileType = sourcecode.swift; path = "CALayer+Extensions.swift"; sourceTree = "<group>"; };
		ACC91733226119CA00FD5015 /* ExpandableChartViewController.swift */ = {isa = PBXFileReference; lastKnownFileType = sourcecode.swift; path = ExpandableChartViewController.swift; sourceTree = "<group>"; };
		ACC91739226132CB00FD5015 /* Device.swift */ = {isa = PBXFileReference; lastKnownFileType = sourcecode.swift; path = Device.swift; sourceTree = "<group>"; };
		ACCAD326223AE13200A99436 /* Layer.swift */ = {isa = PBXFileReference; lastKnownFileType = sourcecode.swift; path = Layer.swift; sourceTree = "<group>"; };
		ACD5EF8722573496003B09C3 /* Image.swift */ = {isa = PBXFileReference; lastKnownFileType = sourcecode.swift; path = Image.swift; sourceTree = "<group>"; };
		ACE6866E22369EBD00724432 /* StatisticsScene.swift */ = {isa = PBXFileReference; lastKnownFileType = sourcecode.swift; path = StatisticsScene.swift; sourceTree = "<group>"; };
		ACE6867322369EEF00724432 /* ViewController.swift */ = {isa = PBXFileReference; fileEncoding = 4; lastKnownFileType = sourcecode.swift; path = ViewController.swift; sourceTree = "<group>"; };
		ACE6867622369EEF00724432 /* NavigationController.swift */ = {isa = PBXFileReference; fileEncoding = 4; lastKnownFileType = sourcecode.swift; path = NavigationController.swift; sourceTree = "<group>"; };
		ACE6867E2236A09400724432 /* Theme.swift */ = {isa = PBXFileReference; lastKnownFileType = sourcecode.swift; path = Theme.swift; sourceTree = "<group>"; };
		ACE686822236A0B400724432 /* Theme+Factory.swift */ = {isa = PBXFileReference; lastKnownFileType = sourcecode.swift; path = "Theme+Factory.swift"; sourceTree = "<group>"; };
		ACE686872236AB9400724432 /* View.swift */ = {isa = PBXFileReference; lastKnownFileType = sourcecode.swift; path = View.swift; sourceTree = "<group>"; };
		ACE686892236AD1000724432 /* Themeable.swift */ = {isa = PBXFileReference; lastKnownFileType = sourcecode.swift; path = Themeable.swift; sourceTree = "<group>"; };
		ACE6868B2236AFB200724432 /* SettingsService.swift */ = {isa = PBXFileReference; lastKnownFileType = sourcecode.swift; path = SettingsService.swift; sourceTree = "<group>"; };
		ACE686932236B60F00724432 /* Dependencies.swift */ = {isa = PBXFileReference; lastKnownFileType = sourcecode.swift; path = Dependencies.swift; sourceTree = "<group>"; };
		ACE686952236BB9500724432 /* StatisticsViewController.swift */ = {isa = PBXFileReference; lastKnownFileType = sourcecode.swift; path = StatisticsViewController.swift; sourceTree = "<group>"; };
		ACE686982236BED100724432 /* UIView+Layout.swift */ = {isa = PBXFileReference; lastKnownFileType = sourcecode.swift; path = "UIView+Layout.swift"; sourceTree = "<group>"; };
		ACE6869A2236C01300724432 /* Reusable.swift */ = {isa = PBXFileReference; lastKnownFileType = sourcecode.swift; path = Reusable.swift; sourceTree = "<group>"; };
/* End PBXFileReference section */

/* Begin PBXFrameworksBuildPhase section */
		AC3B37ED2236510C000AD635 /* Frameworks */ = {
			isa = PBXFrameworksBuildPhase;
			buildActionMask = 2147483647;
			files = (
			);
			runOnlyForDeploymentPostprocessing = 0;
		};
		AC3B381822365A70000AD635 /* Frameworks */ = {
			isa = PBXFrameworksBuildPhase;
			buildActionMask = 2147483647;
			files = (
			);
			runOnlyForDeploymentPostprocessing = 0;
		};
/* End PBXFrameworksBuildPhase section */

/* Begin PBXGroup section */
		AC143B2E2236F1CE00FEB9CD /* View */ = {
			isa = PBXGroup;
			children = (
				AC7C1F23225A0A9200A095D6 /* Card */,
				AC7C1F1C2259F86300A095D6 /* ViewportView.swift */,
				ACE686872236AB9400724432 /* View.swift */,
				AC143B3922378B7D00FEB9CD /* Placeholder.swift */,
				AC3099472239254800A04331 /* Control.swift */,
				AC16EAAE225CDE78009471D7 /* Button.swift */,
				AC143B2F2236F1D700FEB9CD /* Label.swift */,
				ACCAD326223AE13200A99436 /* Layer.swift */,
				ACD5EF8722573496003B09C3 /* Image.swift */,
			);
			path = View;
			sourceTree = "<group>";
		};
		AC143B3522378B2C00FEB9CD /* View */ = {
			isa = PBXGroup;
			children = (
				AC30992C2238F1C100A04331 /* Factory */,
				AC16EAA3225CA0C2009471D7 /* Browser */,
				AC30992A2238F1AC00A04331 /* Chart */,
				AC7C1F20225A06FB00A095D6 /* Card */,
				AC45EC672259115400A8E884 /* Grid */,
				AC45EC662259114600A8E884 /* Timeline */,
				AC45EC652259113E00A8E884 /* Map */,
				AC45EC682259117B00A8E884 /* Column */,
				AC30992B2238F1B800A04331 /* Statistics */,
			);
			path = View;
			sourceTree = "<group>";
		};
		AC143B3622378B3500FEB9CD /* Controller */ = {
			isa = PBXGroup;
			children = (
				ACC9173622611B2E00FD5015 /* Animation */,
				ACC9173522611A2A00FD5015 /* Chart */,
				ACE686952236BB9500724432 /* StatisticsViewController.swift */,
			);
			path = Controller;
			sourceTree = "<group>";
		};
		AC143B532237F0F400FEB9CD /* Math */ = {
			isa = PBXGroup;
			children = (
				AC32DCA9223C3F9100873B04 /* Collection+Range.swift */,
				AC5EFB73223BA02600979B60 /* Range+Extensions.swift */,
				AC1BF73B2264B5D200F2212D /* Range+Round.swift */,
				AC143B492237AD2F00FEB9CD /* Range.swift */,
				AC32DCA4223C2B1000873B04 /* Stride.swift */,
				AC16EA9B225C8E4E009471D7 /* Viewport.swift */,
			);
			path = Math;
			sourceTree = "<group>";
		};
		AC16EAA3225CA0C2009471D7 /* Browser */ = {
			isa = PBXGroup;
			children = (
				AC5261EB2262700000272B05 /* PieChartBrowserView.swift */,
				AC143B432237A67D00FEB9CD /* TimelineChartBrowserView.swift */,
				AC5BCD0B226049CC007C06E4 /* TimelineChartBrowserLayout.swift */,
			);
			path = Browser;
			sourceTree = "<group>";
		};
		AC16EAC6225E0759009471D7 /* Model */ = {
			isa = PBXGroup;
			children = (
				AC16EAC2225DFB97009471D7 /* StackedColumn.swift */,
				AC4BB462225F774000D72E00 /* StackedColumn+Extensions.swift */,
			);
			path = Model;
			sourceTree = "<group>";
		};
		AC16EACF225E8FEE009471D7 /* Animation */ = {
			isa = PBXGroup;
			children = (
				AC16EACD225E8FC2009471D7 /* RasterizedBarChartAnimatior.swift */,
			);
			path = Animation;
			sourceTree = "<group>";
		};
		AC30992A2238F1AC00A04331 /* Chart */ = {
			isa = PBXGroup;
			children = (
				AC7C1F1E2259FA9100A095D6 /* LineChartView.swift */,
				AC16EAA1225CA08D009471D7 /* ComparingLineChartView.swift */,
				AC4BB464225F7EFD00D72E00 /* PercentageLineChartView.swift */,
				AC16EAC0225DE85B009471D7 /* RasterizedBarChartView.swift */,
				AC16EAB8225D18F3009471D7 /* BarChartView.swift */,
				AC16EAC9225E3B1A009471D7 /* BarChartOverlayView.swift */,
				AC5261E922626D0600272B05 /* PieChartView.swift */,
				AC3099442239211D00A04331 /* Layer */,
				AC16EAC6225E0759009471D7 /* Model */,
				AC4BB461225F76D900D72E00 /* Processing */,
				AC16EACF225E8FEE009471D7 /* Animation */,
			);
			path = Chart;
			sourceTree = "<group>";
		};
		AC30992B2238F1B800A04331 /* Statistics */ = {
			isa = PBXGroup;
			children = (
				AC143B3322378A9300FEB9CD /* UITableView+Statistics.swift */,
				AC143B312236F36C00FEB9CD /* StatisticsTableViewCell.swift */,
			);
			path = Statistics;
			sourceTree = "<group>";
		};
		AC30992C2238F1C100A04331 /* Factory */ = {
			isa = PBXGroup;
			children = (
				AC16EA9F225C9993009471D7 /* ChartBrowserFactory.swift */,
				AC16EAA4225CA356009471D7 /* ChartViewFactory.swift */,
				AC16EAA6225CA406009471D7 /* ChartGridViewFactory.swift */,
				AC16EAB6225D104C009471D7 /* ChartMapViewFactory.swift */,
				AC16EA99225C8DD1009471D7 /* ChartViewAbstraction.swift */,
			);
			path = Factory;
			sourceTree = "<group>";
		};
		AC3099442239211D00A04331 /* Layer */ = {
			isa = PBXGroup;
			children = (
				AC143B4D2237C94400FEB9CD /* LineColumnLayer.swift */,
				AC16EAB4225D0DA7009471D7 /* BarColumnLayer.swift */,
				AC4BB466225F85AC00D72E00 /* PercentageLineChartLayer.swift */,
				AC5261ED2262828100272B05 /* PieChartLayer.swift */,
				AC0D377A22632BED00EA6D38 /* PieSliceLayer.swift */,
			);
			path = Layer;
			sourceTree = "<group>";
		};
		AC32DCA8223C2F7A00873B04 /* Extensions */ = {
			isa = PBXGroup;
			children = (
				AC32DCA6223C2B6D00873B04 /* Column+Points.swift */,
				AC143B472237AC1700FEB9CD /* Column+Extensions.swift */,
				AC3B385822366839000AD635 /* Chart+Parsing.swift */,
				AC16EAAC225CA90F009471D7 /* Chart+Extensions.swift */,
				AC5261E32261D3D700272B05 /* Chart+Viewport.swift */,
				AC5261E12261D38500272B05 /* Chart+Range.swift */,
			);
			path = Extensions;
			sourceTree = "<group>";
		};
		AC3B37E72236510C000AD635 = {
			isa = PBXGroup;
			children = (
				AC3B37F22236510C000AD635 /* TelegramCharts */,
				AC3B381C22365A71000AD635 /* TelegramChartsTests */,
				AC3B37F12236510C000AD635 /* Products */,
			);
			sourceTree = "<group>";
		};
		AC3B37F12236510C000AD635 /* Products */ = {
			isa = PBXGroup;
			children = (
				AC3B37F02236510C000AD635 /* TelegramCharts.app */,
				AC3B381B22365A70000AD635 /* TelegramChartsTests.xctest */,
			);
			name = Products;
			sourceTree = "<group>";
		};
		AC3B37F22236510C000AD635 /* TelegramCharts */ = {
			isa = PBXGroup;
			children = (
				AC3B380522365177000AD635 /* Sources */,
				AC3B3807223651B4000AD635 /* SupportingFiles */,
				AC3B3806223651A8000AD635 /* Resources */,
			);
			path = TelegramCharts;
			sourceTree = "<group>";
		};
		AC3B380522365177000AD635 /* Sources */ = {
			isa = PBXGroup;
			children = (
				AC3B37F32236510C000AD635 /* AppDelegate.swift */,
				AC45EC602259036400A8E884 /* Scenes */,
				AC3B381422365970000AD635 /* Services */,
				AC3B382B22365BB1000AD635 /* Common */,
			);
			path = Sources;
			sourceTree = "<group>";
		};
		AC3B3806223651A8000AD635 /* Resources */ = {
			isa = PBXGroup;
			children = (
				AC675E1D225B3F8800BF9380 /* charts */,
				AC3099452239236300A04331 /* Images.xcassets */,
			);
			path = Resources;
			sourceTree = "<group>";
		};
		AC3B3807223651B4000AD635 /* SupportingFiles */ = {
			isa = PBXGroup;
			children = (
				AC3B37FA2236510D000AD635 /* Assets.xcassets */,
				AC3B37FF2236510D000AD635 /* Info.plist */,
				AC3B380B2236526D000AD635 /* LaunchScreen.storyboard */,
			);
			path = SupportingFiles;
			sourceTree = "<group>";
		};
		AC3B380D22365537000AD635 /* Model */ = {
			isa = PBXGroup;
			children = (
				AC143B532237F0F400FEB9CD /* Math */,
				ACE686812236A0A500724432 /* Theme */,
			);
			path = Model;
			sourceTree = "<group>";
		};
		AC3B381022365710000AD635 /* Extensions */ = {
			isa = PBXGroup;
			children = (
				ACB9B9C622397F3800B8E841 /* CoreAnimation */,
				AC3B382722365AFC000AD635 /* Foundation */,
				AC3B38112236571E000AD635 /* UIKit */,
			);
			path = Extensions;
			sourceTree = "<group>";
		};
		AC3B38112236571E000AD635 /* UIKit */ = {
			isa = PBXGroup;
			children = (
				AC3B381222365725000AD635 /* UIColor+Hex.swift */,
				ACE686982236BED100724432 /* UIView+Layout.swift */,
				AC143B3C223796BA00FEB9CD /* UIView+Extensions.swift */,
				AC7C1F26225A155100A095D6 /* UIFont+Extension.swift */,
				AC71BD182260DCE800AD85AD /* UIViewController+Extensions.swift */,
			);
			path = UIKit;
			sourceTree = "<group>";
		};
		AC3B381422365970000AD635 /* Services */ = {
			isa = PBXGroup;
			children = (
				ACE686932236B60F00724432 /* Dependencies.swift */,
				AC3B381522365987000AD635 /* ChartsService.swift */,
				ACE6868B2236AFB200724432 /* SettingsService.swift */,
				AC45EC632259042B00A8E884 /* SoundService.swift */,
				AC45EC612259037700A8E884 /* HapticService.swift */,
			);
			path = Services;
			sourceTree = "<group>";
		};
		AC3B381C22365A71000AD635 /* TelegramChartsTests */ = {
			isa = PBXGroup;
			children = (
				AC3B383622366106000AD635 /* Resources */,
				AC3B382522365A91000AD635 /* Sources */,
				AC3B382622365A95000AD635 /* SupportingFiles */,
			);
			path = TelegramChartsTests;
			sourceTree = "<group>";
		};
		AC3B382522365A91000AD635 /* Sources */ = {
			isa = PBXGroup;
			children = (
				AC3B3839223661E3000AD635 /* Helpers */,
				AC3B381D22365A71000AD635 /* UIColorHexTests.swift */,
				AC3B385A223682E0000AD635 /* ChartTests.swift */,
				AC143B4B2237B43D00FEB9CD /* RangeTests.swift */,
				ACAF2B05223E63A000533F37 /* CGGeometryExtensionsTests.swift */,
				AC71BD0B2260727C00AD85AD /* PercentsTests.swift */,
				AC5261E72262602000272B05 /* CollectionExtensionsTests.swift */,
				AC5261EF226288DC00272B05 /* StackedColumnTests.swift */,
			);
			path = Sources;
			sourceTree = "<group>";
		};
		AC3B382622365A95000AD635 /* SupportingFiles */ = {
			isa = PBXGroup;
			children = (
				AC3B381F22365A71000AD635 /* Info.plist */,
			);
			path = SupportingFiles;
			sourceTree = "<group>";
		};
		AC3B382722365AFC000AD635 /* Foundation */ = {
			isa = PBXGroup;
			children = (
				AC143B3F22379A9C00FEB9CD /* CGGeometry+Extensions.swift */,
				AC71BD0D226072BC00AD85AD /* CGFloat+Percent.swift */,
				AC3B382822365B08000AD635 /* Optional+Extensions.swift */,
				AC3099282238F02B00A04331 /* Collection+Extensions.swift */,
				AC5EFB6F223A946400979B60 /* Math+Extensions.swift */,
				AC5EFB71223B98EE00979B60 /* Date+Extensions.swift */,
				AC2542A32257961F00EE2021 /* Bool+Extensions.swift */,
				AC2542A72257F03400EE2021 /* String+Extensions.swift */,
				AC16EACB225E80D3009471D7 /* DispatchQueue+Extensions.swift */,
			);
			path = Foundation;
			sourceTree = "<group>";
		};
		AC3B382B22365BB1000AD635 /* Common */ = {
			isa = PBXGroup;
			children = (
				AC3B380D22365537000AD635 /* Model */,
				AC675E24225BAADE00BF9380 /* Layout */,
				AC675E23225BAA2400BF9380 /* Animation */,
				AC143B2E2236F1CE00FEB9CD /* View */,
				ACE6867022369EEF00724432 /* Controller */,
				AC3B382C22365BBA000AD635 /* Utils */,
				AC3B381022365710000AD635 /* Extensions */,
			);
			path = Common;
			sourceTree = "<group>";
		};
		AC3B382C22365BBA000AD635 /* Utils */ = {
			isa = PBXGroup;
			children = (
				AC3B382F22365C52000AD635 /* Environment.swift */,
				AC4AE89A223CB8DF002CF635 /* DisplayLink.swift */,
				AC3B382D22365BCB000AD635 /* Operators.swift */,
				AC3B383122365CF8000AD635 /* Utils.swift */,
				AC3B3855223666C3000AD635 /* AnyDecodable.swift */,
				ACE6869A2236C01300724432 /* Reusable.swift */,
				ACC91739226132CB00FD5015 /* Device.swift */,
			);
			path = Utils;
			sourceTree = "<group>";
		};
		AC3B383622366106000AD635 /* Resources */ = {
			isa = PBXGroup;
			children = (
				AC3B38372236612C000AD635 /* test_chart.json */,
			);
			path = Resources;
			sourceTree = "<group>";
		};
		AC3B3839223661E3000AD635 /* Helpers */ = {
			isa = PBXGroup;
			children = (
				AC3B3840223661E3000AD635 /* Bundle+Stub.swift */,
				AC71BD0F2260742A00AD85AD /* Array+Random.swift */,
			);
			path = Helpers;
			sourceTree = "<group>";
		};
		AC45EC602259036400A8E884 /* Scenes */ = {
			isa = PBXGroup;
			children = (
				ACE686972236BBB100724432 /* Statistics */,
			);
			path = Scenes;
			sourceTree = "<group>";
		};
		AC45EC652259113E00A8E884 /* Map */ = {
			isa = PBXGroup;
			children = (
				AC143B4F2237CD8000FEB9CD /* ChartMapView.swift */,
				AC143B512237F09500FEB9CD /* ChartMapOverlayView.swift */,
				AC143B562237F52D00FEB9CD /* ChartMapViewportView.swift */,
				AC5261E52262132800272B05 /* ChartMapInteractor.swift */,
			);
			path = Map;
			sourceTree = "<group>";
		};
		AC45EC662259114600A8E884 /* Timeline */ = {
			isa = PBXGroup;
			children = (
				AC675E21225B819A00BF9380 /* TimePeriodView.swift */,
				AC5EFB6A223A2D8A00979B60 /* TimelineView.swift */,
				AC45EC5E2258D7DE00A8E884 /* TimelineRowView.swift */,
			);
			path = Timeline;
			sourceTree = "<group>";
		};
		AC45EC672259115400A8E884 /* Grid */ = {
			isa = PBXGroup;
			children = (
				AC7C1F1A2259C3BD00A095D6 /* ChartGridViewCell.swift */,
				AC4AE89C223CCB04002CF635 /* RangeChartGridView.swift */,
				AC16EAAA225CA5AB009471D7 /* ComparingChartGridView.swift */,
				AC4BB448225F165600D72E00 /* PercentageChartGridView.swift */,
			);
			path = Grid;
			sourceTree = "<group>";
		};
		AC45EC682259117B00A8E884 /* Column */ = {
			isa = PBXGroup;
			children = (
				AC30992D2238F20700A04331 /* ColumnsListView.swift */,
				AC7C1F2B225A89F400A095D6 /* ColumnsListViewCell.swift */,
			);
			path = Column;
			sourceTree = "<group>";
		};
		AC4BB461225F76D900D72E00 /* Processing */ = {
			isa = PBXGroup;
			children = (
				AC16EAC4225DFD23009471D7 /* BarChartRenderer.swift */,
				AC16EAC7225E0772009471D7 /* BarColumnRenderer.swift */,
			);
			path = Processing;
			sourceTree = "<group>";
		};
		AC675E23225BAA2400BF9380 /* Animation */ = {
			isa = PBXGroup;
			children = (
				AC45EC6922591BBA00A8E884 /* ShiftAnimator.swift */,
			);
			path = Animation;
			sourceTree = "<group>";
		};
		AC675E24225BAADE00BF9380 /* Layout */ = {
			isa = PBXGroup;
			children = (
				AC7C1F29225A846300A095D6 /* ShelfLayout.swift */,
				ACAF2AFF223D89C300533F37 /* GridLayout.swift */,
				AC16EA96225C813A009471D7 /* Sizeable.swift */,
			);
			path = Layout;
			sourceTree = "<group>";
		};
		AC7C1F20225A06FB00A095D6 /* Card */ = {
			isa = PBXGroup;
			children = (
				AC5BCD0D2260530E007C06E4 /* StackedChartCardView.swift */,
				ACAF2B01223E30CD00533F37 /* ChartCardView.swift */,
				AC7C1F24225A119700A095D6 /* ChartCardViewCell.swift */,
				AC0D377C22636B4C00EA6D38 /* PieChartCardView.swift */,
			);
			path = Card;
			sourceTree = "<group>";
		};
		AC7C1F23225A0A9200A095D6 /* Card */ = {
			isa = PBXGroup;
			children = (
				AC7C1F21225A0A8A00A095D6 /* CardView.swift */,
			);
			path = Card;
			sourceTree = "<group>";
		};
		ACB9B9C622397F3800B8E841 /* CoreAnimation */ = {
			isa = PBXGroup;
			children = (
				AC2542AB225812F100EE2021 /* CAShapeLayer+Extensions.swift */,
				AC71BD1122608E2800AD85AD /* CALayer+Animations.swift */,
				ACB9B9C722397F5200B8E841 /* CALayer+Extensions.swift */,
				AC2542A52257DA4E00EE2021 /* CAAnimation+Extenisions.swift */,
			);
			path = CoreAnimation;
			sourceTree = "<group>";
		};
		ACC9173522611A2A00FD5015 /* Chart */ = {
			isa = PBXGroup;
			children = (
				AC71BD162260D9E700AD85AD /* ChartViewControllerFactory.swift */,
				AC16EA94225C705F009471D7 /* ChartViewControllerLayout.swift */,
				AC143B4122379F9400FEB9CD /* ChartViewController.swift */,
				ACC91733226119CA00FD5015 /* ExpandableChartViewController.swift */,
			);
			path = Chart;
			sourceTree = "<group>";
		};
		ACC9173622611B2E00FD5015 /* Animation */ = {
			isa = PBXGroup;
			children = (
				AC59175B22637EE900C7A3EF /* PieChartExpansionAnimator.swift */,
				AC59175D22637F1B00C7A3EF /* ChartExpansionAnimator.swift */,
				AC59175F22639F2800C7A3EF /* LayoutAnimatorFactory.swift */,
			);
			path = Animation;
			sourceTree = "<group>";
		};
		ACE6867022369EEF00724432 /* Controller */ = {
			isa = PBXGroup;
			children = (
				ACE6867322369EEF00724432 /* ViewController.swift */,
				ACE6867622369EEF00724432 /* NavigationController.swift */,
			);
			path = Controller;
			sourceTree = "<group>";
		};
		ACE686802236A09800724432 /* Model */ = {
			isa = PBXGroup;
			children = (
				AC32DCA8223C2F7A00873B04 /* Extensions */,
				AC3B3853223663D1000AD635 /* ChartData.swift */,
				AC3B380E22365543000AD635 /* Chart.swift */,
			);
			path = Model;
			sourceTree = "<group>";
		};
		ACE686812236A0A500724432 /* Theme */ = {
			isa = PBXGroup;
			children = (
				ACE686822236A0B400724432 /* Theme+Factory.swift */,
				ACE6867E2236A09400724432 /* Theme.swift */,
				ACE686892236AD1000724432 /* Themeable.swift */,
			);
			path = Theme;
			sourceTree = "<group>";
		};
		ACE686972236BBB100724432 /* Statistics */ = {
			isa = PBXGroup;
			children = (
				ACE686802236A09800724432 /* Model */,
				AC143B3522378B2C00FEB9CD /* View */,
				AC143B3622378B3500FEB9CD /* Controller */,
				ACE6866E22369EBD00724432 /* StatisticsScene.swift */,
			);
			path = Statistics;
			sourceTree = "<group>";
		};
/* End PBXGroup section */

/* Begin PBXNativeTarget section */
		AC3B37EF2236510C000AD635 /* TelegramCharts */ = {
			isa = PBXNativeTarget;
			buildConfigurationList = AC3B38022236510D000AD635 /* Build configuration list for PBXNativeTarget "TelegramCharts" */;
			buildPhases = (
				AC25C457223E961F008665FF /* Format Code */,
				AC3B37EC2236510C000AD635 /* Sources */,
				AC3B37ED2236510C000AD635 /* Frameworks */,
				AC3B37EE2236510C000AD635 /* Resources */,
			);
			buildRules = (
			);
			dependencies = (
			);
			name = TelegramCharts;
			productName = TelegramCharts;
			productReference = AC3B37F02236510C000AD635 /* TelegramCharts.app */;
			productType = "com.apple.product-type.application";
		};
		AC3B381A22365A70000AD635 /* TelegramChartsTests */ = {
			isa = PBXNativeTarget;
			buildConfigurationList = AC3B382222365A71000AD635 /* Build configuration list for PBXNativeTarget "TelegramChartsTests" */;
			buildPhases = (
				AC3B381722365A70000AD635 /* Sources */,
				AC3B381822365A70000AD635 /* Frameworks */,
				AC3B381922365A70000AD635 /* Resources */,
			);
			buildRules = (
			);
			dependencies = (
				AC3B382122365A71000AD635 /* PBXTargetDependency */,
			);
			name = TelegramChartsTests;
			productName = TelegramChartsTests;
			productReference = AC3B381B22365A70000AD635 /* TelegramChartsTests.xctest */;
			productType = "com.apple.product-type.bundle.unit-test";
		};
/* End PBXNativeTarget section */

/* Begin PBXProject section */
		AC3B37E82236510C000AD635 /* Project object */ = {
			isa = PBXProject;
			attributes = {
				LastSwiftUpdateCheck = 1010;
				LastUpgradeCheck = 1010;
				ORGANIZATIONNAME = sroik;
				TargetAttributes = {
					AC3B37EF2236510C000AD635 = {
						CreatedOnToolsVersion = 10.1;
					};
					AC3B381A22365A70000AD635 = {
						CreatedOnToolsVersion = 10.1;
						TestTargetID = AC3B37EF2236510C000AD635;
					};
				};
			};
			buildConfigurationList = AC3B37EB2236510C000AD635 /* Build configuration list for PBXProject "TelegramCharts" */;
			compatibilityVersion = "Xcode 9.3";
			developmentRegion = en;
			hasScannedForEncodings = 0;
			knownRegions = (
				en,
				Base,
			);
			mainGroup = AC3B37E72236510C000AD635;
			productRefGroup = AC3B37F12236510C000AD635 /* Products */;
			projectDirPath = "";
			projectRoot = "";
			targets = (
				AC3B37EF2236510C000AD635 /* TelegramCharts */,
				AC3B381A22365A70000AD635 /* TelegramChartsTests */,
			);
		};
/* End PBXProject section */

/* Begin PBXResourcesBuildPhase section */
		AC3B37EE2236510C000AD635 /* Resources */ = {
			isa = PBXResourcesBuildPhase;
			buildActionMask = 2147483647;
			files = (
				AC3B380C2236526D000AD635 /* LaunchScreen.storyboard in Resources */,
				AC3099462239236300A04331 /* Images.xcassets in Resources */,
				AC3B37FB2236510D000AD635 /* Assets.xcassets in Resources */,
				AC675E1E225B3F8800BF9380 /* charts in Resources */,
			);
			runOnlyForDeploymentPostprocessing = 0;
		};
		AC3B381922365A70000AD635 /* Resources */ = {
			isa = PBXResourcesBuildPhase;
			buildActionMask = 2147483647;
			files = (
				AC3B38382236612C000AD635 /* test_chart.json in Resources */,
			);
			runOnlyForDeploymentPostprocessing = 0;
		};
/* End PBXResourcesBuildPhase section */

/* Begin PBXShellScriptBuildPhase section */
		AC25C457223E961F008665FF /* Format Code */ = {
			isa = PBXShellScriptBuildPhase;
			buildActionMask = 2147483647;
			files = (
			);
			inputFileListPaths = (
			);
			inputPaths = (
			);
			name = "Format Code";
			outputFileListPaths = (
			);
			outputPaths = (
			);
			runOnlyForDeploymentPostprocessing = 0;
			shellPath = /bin/sh;
			shellScript = "# commented for telegram team\n# eval \"$(rbenv init -)\" && bundler exec code-formatter format\n";
		};
/* End PBXShellScriptBuildPhase section */

/* Begin PBXSourcesBuildPhase section */
		AC3B37EC2236510C000AD635 /* Sources */ = {
			isa = PBXSourcesBuildPhase;
			buildActionMask = 2147483647;
			files = (
				AC4AE89B223CB8DF002CF635 /* DisplayLink.swift in Sources */,
				ACE6866F22369EBD00724432 /* StatisticsScene.swift in Sources */,
				ACE686962236BB9500724432 /* StatisticsViewController.swift in Sources */,
				AC143B4222379F9400FEB9CD /* ChartViewController.swift in Sources */,
				AC7C1F2C225A89F400A095D6 /* ColumnsListViewCell.swift in Sources */,
				AC16EAC5225DFD23009471D7 /* BarChartRenderer.swift in Sources */,
				AC675E22225B819A00BF9380 /* TimePeriodView.swift in Sources */,
				ACE686942236B60F00724432 /* Dependencies.swift in Sources */,
				AC16EAB9225D18F3009471D7 /* BarChartView.swift in Sources */,
				AC143B572237F52D00FEB9CD /* ChartMapViewportView.swift in Sources */,
				AC16EACA225E3B1A009471D7 /* BarChartOverlayView.swift in Sources */,
				AC3B381622365987000AD635 /* ChartsService.swift in Sources */,
				AC5EFB70223A946400979B60 /* Math+Extensions.swift in Sources */,
				ACB9B9C822397F5200B8E841 /* CALayer+Extensions.swift in Sources */,
				AC143B322236F36C00FEB9CD /* StatisticsTableViewCell.swift in Sources */,
				AC3B385922366839000AD635 /* Chart+Parsing.swift in Sources */,
				ACE686882236AB9400724432 /* View.swift in Sources */,
				AC45EC6A22591BBA00A8E884 /* ShiftAnimator.swift in Sources */,
				ACE6869B2236C01300724432 /* Reusable.swift in Sources */,
				AC4BB449225F165600D72E00 /* PercentageChartGridView.swift in Sources */,
				AC3B3854223663D1000AD635 /* ChartData.swift in Sources */,
				AC59175C22637EE900C7A3EF /* PieChartExpansionAnimator.swift in Sources */,
				AC16EAC8225E0772009471D7 /* BarColumnRenderer.swift in Sources */,
				AC71BD192260DCE800AD85AD /* UIViewController+Extensions.swift in Sources */,
				AC143B4E2237C94400FEB9CD /* LineColumnLayer.swift in Sources */,
				AC30992E2238F20700A04331 /* ColumnsListView.swift in Sources */,
				ACAF2B02223E30CD00533F37 /* ChartCardView.swift in Sources */,
				AC32DCAA223C3F9100873B04 /* Collection+Range.swift in Sources */,
				AC2542A62257DA4E00EE2021 /* CAAnimation+Extenisions.swift in Sources */,
				AC71BD172260D9E700AD85AD /* ChartViewControllerFactory.swift in Sources */,
				AC16EA97225C813A009471D7 /* Sizeable.swift in Sources */,
				AC7C1F2A225A846300A095D6 /* ShelfLayout.swift in Sources */,
				AC2542AC225812F100EE2021 /* CAShapeLayer+Extensions.swift in Sources */,
				AC143B302236F1D700FEB9CD /* Label.swift in Sources */,
				ACE6868A2236AD1000724432 /* Themeable.swift in Sources */,
				AC59176022639F2800C7A3EF /* LayoutAnimatorFactory.swift in Sources */,
				AC45EC622259037700A8E884 /* HapticService.swift in Sources */,
				AC5BCD0E2260530E007C06E4 /* StackedChartCardView.swift in Sources */,
				AC16EAA7225CA406009471D7 /* ChartGridViewFactory.swift in Sources */,
				AC16EAC3225DFB97009471D7 /* StackedColumn.swift in Sources */,
				ACE686832236A0B400724432 /* Theme+Factory.swift in Sources */,
				AC45EC642259042B00A8E884 /* SoundService.swift in Sources */,
				ACE6867922369EEF00724432 /* ViewController.swift in Sources */,
				AC3B382922365B08000AD635 /* Optional+Extensions.swift in Sources */,
				AC7C1F25225A119700A095D6 /* ChartCardViewCell.swift in Sources */,
				ACE6867F2236A09400724432 /* Theme.swift in Sources */,
				AC3B381322365725000AD635 /* UIColor+Hex.swift in Sources */,
				AC16EAA2225CA08D009471D7 /* ComparingLineChartView.swift in Sources */,
				AC3099292238F02B00A04331 /* Collection+Extensions.swift in Sources */,
				AC5EFB6B223A2D8A00979B60 /* TimelineView.swift in Sources */,
				AC16EAA5225CA356009471D7 /* ChartViewFactory.swift in Sources */,
				AC5261E22261D38500272B05 /* Chart+Range.swift in Sources */,
				AC4BB467225F85AC00D72E00 /* PercentageLineChartLayer.swift in Sources */,
				AC3099482239254800A04331 /* Control.swift in Sources */,
				AC3B3856223666C3000AD635 /* AnyDecodable.swift in Sources */,
				AC16EAAB225CA5AB009471D7 /* ComparingChartGridView.swift in Sources */,
				ACC9173A226132CB00FD5015 /* Device.swift in Sources */,
				AC16EA9C225C8E4E009471D7 /* Viewport.swift in Sources */,
				AC0D377B22632BED00EA6D38 /* PieSliceLayer.swift in Sources */,
				AC45EC5F2258D7DE00A8E884 /* TimelineRowView.swift in Sources */,
				AC16EAC1225DE85B009471D7 /* RasterizedBarChartView.swift in Sources */,
				AC143B502237CD8000FEB9CD /* ChartMapView.swift in Sources */,
				AC3B383022365C52000AD635 /* Environment.swift in Sources */,
				ACD5EF8822573496003B09C3 /* Image.swift in Sources */,
				ACC91734226119CA00FD5015 /* ExpandableChartViewController.swift in Sources */,
				AC5261EA22626D0600272B05 /* PieChartView.swift in Sources */,
				ACAF2B00223D89C300533F37 /* GridLayout.swift in Sources */,
				AC7C1F1D2259F86300A095D6 /* ViewportView.swift in Sources */,
				AC143B4022379A9C00FEB9CD /* CGGeometry+Extensions.swift in Sources */,
				AC143B3422378A9300FEB9CD /* UITableView+Statistics.swift in Sources */,
				AC143B3D223796BA00FEB9CD /* UIView+Extensions.swift in Sources */,
				AC143B442237A67D00FEB9CD /* TimelineChartBrowserView.swift in Sources */,
				AC2542A82257F03400EE2021 /* String+Extensions.swift in Sources */,
				AC16EAB7225D104C009471D7 /* ChartMapViewFactory.swift in Sources */,
				AC16EAAF225CDE78009471D7 /* Button.swift in Sources */,
				AC32DCA7223C2B6D00873B04 /* Column+Points.swift in Sources */,
				AC4BB463225F774000D72E00 /* StackedColumn+Extensions.swift in Sources */,
				AC16EAB5225D0DA7009471D7 /* BarColumnLayer.swift in Sources */,
				AC4AE89D223CCB04002CF635 /* RangeChartGridView.swift in Sources */,
				AC16EAA0225C9993009471D7 /* ChartBrowserFactory.swift in Sources */,
				AC16EA9A225C8DD1009471D7 /* ChartViewAbstraction.swift in Sources */,
				AC3B380F22365543000AD635 /* Chart.swift in Sources */,
				AC5BCD0C226049CC007C06E4 /* TimelineChartBrowserLayout.swift in Sources */,
				ACE686992236BED100724432 /* UIView+Layout.swift in Sources */,
				AC5261E62262132800272B05 /* ChartMapInteractor.swift in Sources */,
				AC59175E22637F1B00C7A3EF /* ChartExpansionAnimator.swift in Sources */,
				AC16EA95225C705F009471D7 /* ChartViewControllerLayout.swift in Sources */,
				AC71BD0E226072BC00AD85AD /* CGFloat+Percent.swift in Sources */,
				AC16EACE225E8FC2009471D7 /* RasterizedBarChartAnimatior.swift in Sources */,
				AC71BD1222608E2800AD85AD /* CALayer+Animations.swift in Sources */,
				AC7C1F27225A155100A095D6 /* UIFont+Extension.swift in Sources */,
				AC7C1F1F2259FA9100A095D6 /* LineChartView.swift in Sources */,
				AC143B4A2237AD2F00FEB9CD /* Range.swift in Sources */,
				AC143B482237AC1700FEB9CD /* Column+Extensions.swift in Sources */,
				AC3B37F42236510C000AD635 /* AppDelegate.swift in Sources */,
				AC143B522237F09500FEB9CD /* ChartMapOverlayView.swift in Sources */,
				AC7C1F1B2259C3BD00A095D6 /* ChartGridViewCell.swift in Sources */,
				AC5261EE2262828100272B05 /* PieChartLayer.swift in Sources */,
				AC5EFB72223B98EE00979B60 /* Date+Extensions.swift in Sources */,
				AC16EACC225E80D3009471D7 /* DispatchQueue+Extensions.swift in Sources */,
				AC4BB465225F7EFD00D72E00 /* PercentageLineChartView.swift in Sources */,
				ACE6867C22369EEF00724432 /* NavigationController.swift in Sources */,
				AC3B382E22365BCB000AD635 /* Operators.swift in Sources */,
				AC32DCA5223C2B1000873B04 /* Stride.swift in Sources */,
				AC5261EC2262700000272B05 /* PieChartBrowserView.swift in Sources */,
				AC2542A42257961F00EE2021 /* Bool+Extensions.swift in Sources */,
				AC7C1F22225A0A8A00A095D6 /* CardView.swift in Sources */,
				AC0D377D22636B4C00EA6D38 /* PieChartCardView.swift in Sources */,
				AC3B383222365CF8000AD635 /* Utils.swift in Sources */,
				AC5261E42261D3D700272B05 /* Chart+Viewport.swift in Sources */,
				ACE6868C2236AFB200724432 /* SettingsService.swift in Sources */,
				AC143B3A22378B7D00FEB9CD /* Placeholder.swift in Sources */,
				AC1BF73C2264B5D200F2212D /* Range+Round.swift in Sources */,
				AC5EFB74223BA02600979B60 /* Range+Extensions.swift in Sources */,
				AC16EAAD225CA90F009471D7 /* Chart+Extensions.swift in Sources */,
				ACCAD327223AE13200A99436 /* Layer.swift in Sources */,
			);
			runOnlyForDeploymentPostprocessing = 0;
		};
		AC3B381722365A70000AD635 /* Sources */ = {
			isa = PBXSourcesBuildPhase;
			buildActionMask = 2147483647;
			files = (
				AC3B385B223682E0000AD635 /* ChartTests.swift in Sources */,
				AC5261E82262602000272B05 /* CollectionExtensionsTests.swift in Sources */,
				AC3B381E22365A71000AD635 /* UIColorHexTests.swift in Sources */,
				AC5261F0226288DC00272B05 /* StackedColumnTests.swift in Sources */,
				AC3B384C223661E3000AD635 /* Bundle+Stub.swift in Sources */,
				ACAF2B06223E63A000533F37 /* CGGeometryExtensionsTests.swift in Sources */,
				AC71BD0C2260727C00AD85AD /* PercentsTests.swift in Sources */,
				AC143B4C2237B43D00FEB9CD /* RangeTests.swift in Sources */,
				AC71BD102260742A00AD85AD /* Array+Random.swift in Sources */,
			);
			runOnlyForDeploymentPostprocessing = 0;
		};
/* End PBXSourcesBuildPhase section */

/* Begin PBXTargetDependency section */
		AC3B382122365A71000AD635 /* PBXTargetDependency */ = {
			isa = PBXTargetDependency;
			target = AC3B37EF2236510C000AD635 /* TelegramCharts */;
			targetProxy = AC3B382022365A71000AD635 /* PBXContainerItemProxy */;
		};
/* End PBXTargetDependency section */

/* Begin XCBuildConfiguration section */
		AC3B38002236510D000AD635 /* Debug */ = {
			isa = XCBuildConfiguration;
			buildSettings = {
				ALWAYS_SEARCH_USER_PATHS = NO;
				CLANG_ANALYZER_NONNULL = YES;
				CLANG_ANALYZER_NUMBER_OBJECT_CONVERSION = YES_AGGRESSIVE;
				CLANG_CXX_LANGUAGE_STANDARD = "gnu++14";
				CLANG_CXX_LIBRARY = "libc++";
				CLANG_ENABLE_MODULES = YES;
				CLANG_ENABLE_OBJC_ARC = YES;
				CLANG_ENABLE_OBJC_WEAK = YES;
				CLANG_WARN_BLOCK_CAPTURE_AUTORELEASING = YES;
				CLANG_WARN_BOOL_CONVERSION = YES;
				CLANG_WARN_COMMA = YES;
				CLANG_WARN_CONSTANT_CONVERSION = YES;
				CLANG_WARN_DEPRECATED_OBJC_IMPLEMENTATIONS = YES;
				CLANG_WARN_DIRECT_OBJC_ISA_USAGE = YES_ERROR;
				CLANG_WARN_DOCUMENTATION_COMMENTS = YES;
				CLANG_WARN_EMPTY_BODY = YES;
				CLANG_WARN_ENUM_CONVERSION = YES;
				CLANG_WARN_INFINITE_RECURSION = YES;
				CLANG_WARN_INT_CONVERSION = YES;
				CLANG_WARN_NON_LITERAL_NULL_CONVERSION = YES;
				CLANG_WARN_OBJC_IMPLICIT_RETAIN_SELF = YES;
				CLANG_WARN_OBJC_LITERAL_CONVERSION = YES;
				CLANG_WARN_OBJC_ROOT_CLASS = YES_ERROR;
				CLANG_WARN_RANGE_LOOP_ANALYSIS = YES;
				CLANG_WARN_STRICT_PROTOTYPES = YES;
				CLANG_WARN_SUSPICIOUS_MOVE = YES;
				CLANG_WARN_UNGUARDED_AVAILABILITY = YES_AGGRESSIVE;
				CLANG_WARN_UNREACHABLE_CODE = YES;
				CLANG_WARN__DUPLICATE_METHOD_MATCH = YES;
				CODE_SIGN_IDENTITY = "iPhone Developer";
				COPY_PHASE_STRIP = NO;
				DEBUG_INFORMATION_FORMAT = dwarf;
				ENABLE_STRICT_OBJC_MSGSEND = YES;
				ENABLE_TESTABILITY = YES;
				GCC_C_LANGUAGE_STANDARD = gnu11;
				GCC_DYNAMIC_NO_PIC = NO;
				GCC_NO_COMMON_BLOCKS = YES;
				GCC_OPTIMIZATION_LEVEL = 0;
				GCC_PREPROCESSOR_DEFINITIONS = (
					"DEBUG=1",
					"$(inherited)",
				);
				GCC_WARN_64_TO_32_BIT_CONVERSION = YES;
				GCC_WARN_ABOUT_RETURN_TYPE = YES_ERROR;
				GCC_WARN_UNDECLARED_SELECTOR = YES;
				GCC_WARN_UNINITIALIZED_AUTOS = YES_AGGRESSIVE;
				GCC_WARN_UNUSED_FUNCTION = YES;
				GCC_WARN_UNUSED_VARIABLE = YES;
				IPHONEOS_DEPLOYMENT_TARGET = 12.1;
				MTL_ENABLE_DEBUG_INFO = INCLUDE_SOURCE;
				MTL_FAST_MATH = YES;
				ONLY_ACTIVE_ARCH = YES;
				SDKROOT = iphoneos;
				SWIFT_ACTIVE_COMPILATION_CONDITIONS = DEBUG;
				SWIFT_OPTIMIZATION_LEVEL = "-Onone";
			};
			name = Debug;
		};
		AC3B38012236510D000AD635 /* Release */ = {
			isa = XCBuildConfiguration;
			buildSettings = {
				ALWAYS_SEARCH_USER_PATHS = NO;
				CLANG_ANALYZER_NONNULL = YES;
				CLANG_ANALYZER_NUMBER_OBJECT_CONVERSION = YES_AGGRESSIVE;
				CLANG_CXX_LANGUAGE_STANDARD = "gnu++14";
				CLANG_CXX_LIBRARY = "libc++";
				CLANG_ENABLE_MODULES = YES;
				CLANG_ENABLE_OBJC_ARC = YES;
				CLANG_ENABLE_OBJC_WEAK = YES;
				CLANG_WARN_BLOCK_CAPTURE_AUTORELEASING = YES;
				CLANG_WARN_BOOL_CONVERSION = YES;
				CLANG_WARN_COMMA = YES;
				CLANG_WARN_CONSTANT_CONVERSION = YES;
				CLANG_WARN_DEPRECATED_OBJC_IMPLEMENTATIONS = YES;
				CLANG_WARN_DIRECT_OBJC_ISA_USAGE = YES_ERROR;
				CLANG_WARN_DOCUMENTATION_COMMENTS = YES;
				CLANG_WARN_EMPTY_BODY = YES;
				CLANG_WARN_ENUM_CONVERSION = YES;
				CLANG_WARN_INFINITE_RECURSION = YES;
				CLANG_WARN_INT_CONVERSION = YES;
				CLANG_WARN_NON_LITERAL_NULL_CONVERSION = YES;
				CLANG_WARN_OBJC_IMPLICIT_RETAIN_SELF = YES;
				CLANG_WARN_OBJC_LITERAL_CONVERSION = YES;
				CLANG_WARN_OBJC_ROOT_CLASS = YES_ERROR;
				CLANG_WARN_RANGE_LOOP_ANALYSIS = YES;
				CLANG_WARN_STRICT_PROTOTYPES = YES;
				CLANG_WARN_SUSPICIOUS_MOVE = YES;
				CLANG_WARN_UNGUARDED_AVAILABILITY = YES_AGGRESSIVE;
				CLANG_WARN_UNREACHABLE_CODE = YES;
				CLANG_WARN__DUPLICATE_METHOD_MATCH = YES;
				CODE_SIGN_IDENTITY = "iPhone Developer";
				COPY_PHASE_STRIP = NO;
				DEBUG_INFORMATION_FORMAT = "dwarf-with-dsym";
				ENABLE_NS_ASSERTIONS = NO;
				ENABLE_STRICT_OBJC_MSGSEND = YES;
				GCC_C_LANGUAGE_STANDARD = gnu11;
				GCC_NO_COMMON_BLOCKS = YES;
				GCC_WARN_64_TO_32_BIT_CONVERSION = YES;
				GCC_WARN_ABOUT_RETURN_TYPE = YES_ERROR;
				GCC_WARN_UNDECLARED_SELECTOR = YES;
				GCC_WARN_UNINITIALIZED_AUTOS = YES_AGGRESSIVE;
				GCC_WARN_UNUSED_FUNCTION = YES;
				GCC_WARN_UNUSED_VARIABLE = YES;
				IPHONEOS_DEPLOYMENT_TARGET = 12.1;
				MTL_ENABLE_DEBUG_INFO = NO;
				MTL_FAST_MATH = YES;
				SDKROOT = iphoneos;
				SWIFT_COMPILATION_MODE = wholemodule;
				SWIFT_OPTIMIZATION_LEVEL = "-O";
				VALIDATE_PRODUCT = YES;
			};
			name = Release;
		};
		AC3B38032236510D000AD635 /* Debug */ = {
			isa = XCBuildConfiguration;
			buildSettings = {
				ASSETCATALOG_COMPILER_APPICON_NAME = AppIcon;
				CODE_SIGN_STYLE = Manual;
				DEBUG_INFORMATION_FORMAT = dwarf;
				DEVELOPMENT_TEAM = 9Q262Z5T3C;
				INFOPLIST_FILE = "$(SRCROOT)/TelegramCharts/SupportingFiles/Info.plist";
				IPHONEOS_DEPLOYMENT_TARGET = 11.0;
				LD_RUNPATH_SEARCH_PATHS = (
					"$(inherited)",
					"@executable_path/Frameworks",
				);
				PRODUCT_BUNDLE_IDENTIFIER = com.sroik.telegramcharts;
				PRODUCT_NAME = "$(TARGET_NAME)";
				PROVISIONING_PROFILE_SPECIFIER = telegramcharts_dev;
				SWIFT_VERSION = 4.2;
				TARGETED_DEVICE_FAMILY = "1,2";
			};
			name = Debug;
		};
		AC3B38042236510D000AD635 /* Release */ = {
			isa = XCBuildConfiguration;
			buildSettings = {
				ASSETCATALOG_COMPILER_APPICON_NAME = AppIcon;
				CODE_SIGN_IDENTITY = "iPhone Distribution";
				CODE_SIGN_STYLE = Manual;
				DEBUG_INFORMATION_FORMAT = "dwarf-with-dsym";
				DEVELOPMENT_TEAM = 9Q262Z5T3C;
				INFOPLIST_FILE = "$(SRCROOT)/TelegramCharts/SupportingFiles/Info.plist";
				IPHONEOS_DEPLOYMENT_TARGET = 11.0;
				LD_RUNPATH_SEARCH_PATHS = (
					"$(inherited)",
					"@executable_path/Frameworks",
				);
				PRODUCT_BUNDLE_IDENTIFIER = com.sroik.telegramcharts;
				PRODUCT_NAME = "$(TARGET_NAME)";
				PROVISIONING_PROFILE_SPECIFIER = telegramcharts_appstore;
				SWIFT_VERSION = 4.2;
				TARGETED_DEVICE_FAMILY = "1,2";
			};
			name = Release;
		};
		AC3B382322365A71000AD635 /* Debug */ = {
			isa = XCBuildConfiguration;
			buildSettings = {
				BUNDLE_LOADER = "$(TEST_HOST)";
				CODE_SIGN_STYLE = Automatic;
				DEVELOPMENT_TEAM = "";
				INFOPLIST_FILE = TelegramChartsTests/SupportingFiles/Info.plist;
				LD_RUNPATH_SEARCH_PATHS = (
					"$(inherited)",
					"@executable_path/Frameworks",
					"@loader_path/Frameworks",
				);
				PRODUCT_BUNDLE_IDENTIFIER = com.sroik.TelegramChartsTests;
				PRODUCT_NAME = "$(TARGET_NAME)";
				SWIFT_VERSION = 4.2;
				TARGETED_DEVICE_FAMILY = "1,2";
				TEST_HOST = "$(BUILT_PRODUCTS_DIR)/TelegramCharts.app/TelegramCharts";
			};
			name = Debug;
		};
		AC3B382422365A71000AD635 /* Release */ = {
			isa = XCBuildConfiguration;
			buildSettings = {
				BUNDLE_LOADER = "$(TEST_HOST)";
				CODE_SIGN_STYLE = Automatic;
				DEVELOPMENT_TEAM = "";
				INFOPLIST_FILE = TelegramChartsTests/SupportingFiles/Info.plist;
				LD_RUNPATH_SEARCH_PATHS = (
					"$(inherited)",
					"@executable_path/Frameworks",
					"@loader_path/Frameworks",
				);
				PRODUCT_BUNDLE_IDENTIFIER = com.sroik.TelegramChartsTests;
				PRODUCT_NAME = "$(TARGET_NAME)";
				SWIFT_VERSION = 4.2;
				TARGETED_DEVICE_FAMILY = "1,2";
				TEST_HOST = "$(BUILT_PRODUCTS_DIR)/TelegramCharts.app/TelegramCharts";
			};
			name = Release;
		};
/* End XCBuildConfiguration section */

/* Begin XCConfigurationList section */
		AC3B37EB2236510C000AD635 /* Build configuration list for PBXProject "TelegramCharts" */ = {
			isa = XCConfigurationList;
			buildConfigurations = (
				AC3B38002236510D000AD635 /* Debug */,
				AC3B38012236510D000AD635 /* Release */,
			);
			defaultConfigurationIsVisible = 0;
			defaultConfigurationName = Release;
		};
		AC3B38022236510D000AD635 /* Build configuration list for PBXNativeTarget "TelegramCharts" */ = {
			isa = XCConfigurationList;
			buildConfigurations = (
				AC3B38032236510D000AD635 /* Debug */,
				AC3B38042236510D000AD635 /* Release */,
			);
			defaultConfigurationIsVisible = 0;
			defaultConfigurationName = Release;
		};
		AC3B382222365A71000AD635 /* Build configuration list for PBXNativeTarget "TelegramChartsTests" */ = {
			isa = XCConfigurationList;
			buildConfigurations = (
				AC3B382322365A71000AD635 /* Debug */,
				AC3B382422365A71000AD635 /* Release */,
			);
			defaultConfigurationIsVisible = 0;
			defaultConfigurationName = Release;
		};
/* End XCConfigurationList section */
	};
	rootObject = AC3B37E82236510C000AD635 /* Project object */;
}
